{
    "version": 3,
    "terraform_version": "0.11.13",
    "serial": 4,
    "lineage": "68e09548-ff42-4002-75a7-f78a8c30e14b",
    "modules": [
        {
            "path": [
                "root"
            ],
            "outputs": {},
            "resources": {},
            "depends_on": []
        },
        {
            "path": [
                "root",
                "bot"
            ],
            "outputs": {},
            "resources": {
                "kubernetes_deployment.telebot": {
                    "type": "kubernetes_deployment",
                    "depends_on": [],
                    "primary": {
                        "id": "default/telebot",
                        "attributes": {
                            "id": "default/telebot",
                            "metadata.#": "1",
                            "metadata.0.annotations.%": "0",
                            "metadata.0.generate_name": "",
                            "metadata.0.generation": "1",
                            "metadata.0.labels.%": "3",
                            "metadata.0.labels.app": "telebot",
                            "metadata.0.labels.role": "master",
                            "metadata.0.labels.tier": "backend",
                            "metadata.0.name": "telebot",
                            "metadata.0.namespace": "default",
                            "metadata.0.resource_version": "335083",
                            "metadata.0.self_link": "/apis/apps/v1/namespaces/default/deployments/telebot",
                            "metadata.0.uid": "daba2213-7cbc-11e9-ad1a-42010a8000bd",
                            "spec.#": "1",
                            "spec.0.min_ready_seconds": "0",
                            "spec.0.paused": "false",
                            "spec.0.progress_deadline_seconds": "600",
                            "spec.0.replicas": "1",
                            "spec.0.revision_history_limit": "10",
                            "spec.0.selector.#": "1",
                            "spec.0.selector.0.match_expressions.#": "0",
                            "spec.0.selector.0.match_labels.%": "3",
                            "spec.0.selector.0.match_labels.app": "telebot",
                            "spec.0.selector.0.match_labels.role": "master",
                            "spec.0.selector.0.match_labels.tier": "backend",
                            "spec.0.strategy.#": "1",
                            "spec.0.strategy.0.rolling_update.#": "1",
                            "spec.0.strategy.0.rolling_update.0.max_surge": "25%",
                            "spec.0.strategy.0.rolling_update.0.max_unavailable": "25%",
                            "spec.0.strategy.0.type": "RollingUpdate",
                            "spec.0.template.#": "1",
                            "spec.0.template.0.metadata.#": "1",
                            "spec.0.template.0.metadata.0.annotations.%": "0",
                            "spec.0.template.0.metadata.0.generate_name": "",
                            "spec.0.template.0.metadata.0.generation": "0",
                            "spec.0.template.0.metadata.0.labels.%": "3",
                            "spec.0.template.0.metadata.0.labels.app": "telebot",
                            "spec.0.template.0.metadata.0.labels.role": "master",
                            "spec.0.template.0.metadata.0.labels.tier": "backend",
                            "spec.0.template.0.metadata.0.name": "",
                            "spec.0.template.0.metadata.0.namespace": "default",
                            "spec.0.template.0.metadata.0.resource_version": "",
                            "spec.0.template.0.metadata.0.self_link": "",
                            "spec.0.template.0.metadata.0.uid": "",
                            "spec.0.template.0.spec.#": "1",
                            "spec.0.template.0.spec.0.active_deadline_seconds": "0",
                            "spec.0.template.0.spec.0.container.#": "1",
                            "spec.0.template.0.spec.0.container.0.args.#": "0",
                            "spec.0.template.0.spec.0.container.0.command.#": "0",
                            "spec.0.template.0.spec.0.container.0.env.#": "3",
                            "spec.0.template.0.spec.0.container.0.env.0.name": "api_telegram",
                            "spec.0.template.0.spec.0.container.0.env.0.value": "802799855:AAHZJziwkpPXBjrWMZmBJ1dch111edrTLzY",
                            "spec.0.template.0.spec.0.container.0.env.0.value_from.#": "0",
                            "spec.0.template.0.spec.0.container.0.env.1.name": "ip_redis",
                            "spec.0.template.0.spec.0.container.0.env.1.value": "34.66.147.52",
                            "spec.0.template.0.spec.0.container.0.env.1.value_from.#": "0",
                            "spec.0.template.0.spec.0.container.0.env.2.name": "r_pass",
                            "spec.0.template.0.spec.0.container.0.env.2.value": "password3",
                            "spec.0.template.0.spec.0.container.0.env.2.value_from.#": "0",
                            "spec.0.template.0.spec.0.container.0.env_from.#": "0",
                            "spec.0.template.0.spec.0.container.0.image": "denizka/telebot:v1.17",
                            "spec.0.template.0.spec.0.container.0.image_pull_policy": "IfNotPresent",
                            "spec.0.template.0.spec.0.container.0.lifecycle.#": "0",
                            "spec.0.template.0.spec.0.container.0.liveness_probe.#": "0",
                            "spec.0.template.0.spec.0.container.0.name": "master",
                            "spec.0.template.0.spec.0.container.0.port.#": "0",
                            "spec.0.template.0.spec.0.container.0.readiness_probe.#": "0",
                            "spec.0.template.0.spec.0.container.0.resources.#": "1",
                            "spec.0.template.0.spec.0.container.0.resources.0.limits.#": "0",
                            "spec.0.template.0.spec.0.container.0.resources.0.requests.#": "1",
                            "spec.0.template.0.spec.0.container.0.resources.0.requests.0.cpu": "300m",
                            "spec.0.template.0.spec.0.container.0.resources.0.requests.0.memory": "1Gi",
                            "spec.0.template.0.spec.0.container.0.security_context.#": "0",
                            "spec.0.template.0.spec.0.container.0.stdin": "false",
                            "spec.0.template.0.spec.0.container.0.stdin_once": "false",
                            "spec.0.template.0.spec.0.container.0.termination_message_path": "/dev/termination-log",
                            "spec.0.template.0.spec.0.container.0.tty": "false",
                            "spec.0.template.0.spec.0.container.0.volume_mount.#": "0",
                            "spec.0.template.0.spec.0.container.0.working_dir": "",
                            "spec.0.template.0.spec.0.dns_config.#": "0",
                            "spec.0.template.0.spec.0.dns_policy": "ClusterFirst",
                            "spec.0.template.0.spec.0.host_aliases.#": "0",
                            "spec.0.template.0.spec.0.host_ipc": "false",
                            "spec.0.template.0.spec.0.host_network": "false",
                            "spec.0.template.0.spec.0.host_pid": "false",
                            "spec.0.template.0.spec.0.hostname": "",
                            "spec.0.template.0.spec.0.image_pull_secrets.#": "0",
                            "spec.0.template.0.spec.0.init_container.#": "0",
                            "spec.0.template.0.spec.0.node_name": "",
                            "spec.0.template.0.spec.0.node_selector.%": "0",
                            "spec.0.template.0.spec.0.restart_policy": "Always",
                            "spec.0.template.0.spec.0.security_context.#": "0",
                            "spec.0.template.0.spec.0.service_account_name": "",
                            "spec.0.template.0.spec.0.subdomain": "",
                            "spec.0.template.0.spec.0.termination_grace_period_seconds": "30",
                            "spec.0.template.0.spec.0.volume.#": "0"
                        },
                        "meta": {
                            "e2bfb730-ecaa-11e6-8f88-34363bc7c4c0": {
                                "create": 600000000000,
                                "delete": 600000000000,
                                "update": 600000000000
                            }
                        },
                        "tainted": false
                    },
                    "deposed": [],
                    "provider": "module.bot.provider.kubernetes"
                },
                "kubernetes_service.telebot": {
                    "type": "kubernetes_service",
                    "depends_on": [],
                    "primary": {
                        "id": "default/telebot",
                        "attributes": {
                            "id": "default/telebot",
                            "load_balancer_ingress.#": "0",
                            "metadata.#": "1",
                            "metadata.0.annotations.%": "0",
                            "metadata.0.generate_name": "",
                            "metadata.0.generation": "0",
                            "metadata.0.labels.%": "3",
                            "metadata.0.labels.app": "telebot",
                            "metadata.0.labels.role": "master",
                            "metadata.0.labels.tier": "backend",
                            "metadata.0.name": "telebot",
                            "metadata.0.namespace": "default",
                            "metadata.0.resource_version": "1182",
                            "metadata.0.self_link": "/api/v1/namespaces/default/services/telebot",
                            "metadata.0.uid": "dabdaee8-7cbc-11e9-ad1a-42010a8000bd",
                            "spec.#": "1",
                            "spec.0.cluster_ip": "10.23.243.78",
                            "spec.0.external_ips.#": "0",
                            "spec.0.external_name": "",
                            "spec.0.load_balancer_ip": "",
                            "spec.0.load_balancer_source_ranges.#": "0",
                            "spec.0.port.#": "1",
                            "spec.0.port.0.name": "",
                            "spec.0.port.0.node_port": "0",
                            "spec.0.port.0.port": "80",
                            "spec.0.port.0.protocol": "TCP",
                            "spec.0.port.0.target_port": "80",
                            "spec.0.publish_not_ready_addresses": "false",
                            "spec.0.selector.%": "3",
                            "spec.0.selector.app": "telebot",
                            "spec.0.selector.role": "master",
                            "spec.0.selector.tier": "backend",
                            "spec.0.session_affinity": "None",
                            "spec.0.type": "ClusterIP"
                        },
                        "meta": {},
                        "tainted": false
                    },
                    "deposed": [],
                    "provider": "module.bot.provider.kubernetes"
                }
            },
            "depends_on": []
        },
        {
            "path": [
                "root",
                "functions"
            ],
            "outputs": {},
            "resources": {
                "data.archive_file.apiToTF": {
                    "type": "archive_file",
                    "depends_on": [],
                    "primary": {
                        "id": "1cc6ae0cf8f861dcdcf5c3e93675f63a5f5a3079",
                        "attributes": {
                            "id": "1cc6ae0cf8f861dcdcf5c3e93675f63a5f5a3079",
                            "output_base64sha256": "tT8BIyIN3bPSdD6aS/+Ro+/yR5VI6n4gUOM7Z892+SE=",
                            "output_md5": "cf1d64f012bf65530873c1783d5ab755",
                            "output_path": "./functions/apiToTF/apiToTF.zip",
                            "output_sha": "1cc6ae0cf8f861dcdcf5c3e93675f63a5f5a3079",
                            "output_size": "1287",
                            "source.#": "0",
                            "source_dir": "./functions/apiToTF/apiToTF",
                            "type": "zip"
                        },
                        "meta": {},
                        "tainted": false
                    },
                    "deposed": [],
                    "provider": "provider.archive"
                },
                "data.archive_file.app": {
                    "type": "archive_file",
                    "depends_on": [],
                    "primary": {
                        "id": "b5a9c3270ae6ba007ab849370ec17120c6e83e53",
                        "attributes": {
                            "id": "b5a9c3270ae6ba007ab849370ec17120c6e83e53",
                            "output_base64sha256": "Zl3QNZftpls/wjIqPUSfXa/49lVmzclBM0D9RUr5vZc=",
                            "output_md5": "d5feb58d3abcb502b5c52dbfe2e0d398",
                            "output_path": "./functions/app/app.zip",
                            "output_sha": "b5a9c3270ae6ba007ab849370ec17120c6e83e53",
                            "output_size": "846",
                            "source.#": "0",
                            "source_dir": "./functions/app/app",
                            "type": "zip"
                        },
                        "meta": {},
                        "tainted": false
                    },
                    "deposed": [],
                    "provider": "provider.archive"
                },
                "data.archive_file.currentTemp": {
                    "type": "archive_file",
                    "depends_on": [],
                    "primary": {
                        "id": "143f1f2d23a81d05c4d91d4819aa7519033867f2",
                        "attributes": {
                            "id": "143f1f2d23a81d05c4d91d4819aa7519033867f2",
                            "output_base64sha256": "OUONDbYWpIR/0KP4E9jjffYjjbDlWQSKGtDxVsXLKtw=",
                            "output_md5": "87521a0d03b2bbee5b6c0d0b3ad04520",
                            "output_path": "./functions/currentTemp/currentTemp.zip",
                            "output_sha": "143f1f2d23a81d05c4d91d4819aa7519033867f2",
                            "output_size": "737",
                            "source.#": "0",
                            "source_dir": "./functions/currentTemp/currentTemp",
                            "type": "zip"
                        },
                        "meta": {},
                        "tainted": false
                    },
                    "deposed": [],
                    "provider": "provider.archive"
                },
                "data.archive_file.getFromDB": {
                    "type": "archive_file",
                    "depends_on": [],
                    "primary": {
                        "id": "f0f0e7895e8487d28ce5274d90ab7b77892c8329",
                        "attributes": {
                            "id": "f0f0e7895e8487d28ce5274d90ab7b77892c8329",
                            "output_base64sha256": "zSaIQjvtuzObzfg9Po+Lvedm4aoI1Cn23aDc3oSdxpE=",
                            "output_md5": "579b090f6cbc796ef697a15c01cbe499",
                            "output_path": "./functions/getFromDB/getFromDB.zip",
                            "output_sha": "f0f0e7895e8487d28ce5274d90ab7b77892c8329",
                            "output_size": "991",
                            "source.#": "0",
                            "source_dir": "./functions/getFromDB/getFromDB",
                            "type": "zip"
                        },
                        "meta": {},
                        "tainted": false
                    },
                    "deposed": [],
                    "provider": "provider.archive"
                },
                "data.archive_file.getPredictions": {
                    "type": "archive_file",
                    "depends_on": [],
                    "primary": {
                        "id": "9d6c248cc54e8fad54118631c17d4acb51785408",
                        "attributes": {
                            "id": "9d6c248cc54e8fad54118631c17d4acb51785408",
                            "output_base64sha256": "7+Upfqqq6C/XEyzk3T3pgfHnPbmOp2R+m3eeaPyeXZ4=",
                            "output_md5": "acb96d051229c023185446fee48a3050",
                            "output_path": "./functions/getPredictions/getPredictions.zip",
                            "output_sha": "9d6c248cc54e8fad54118631c17d4acb51785408",
                            "output_size": "537",
                            "source.#": "0",
                            "source_dir": "./functions/getPredictions/getPredictions",
                            "type": "zip"
                        },
                        "meta": {},
                        "tainted": false
                    },
                    "deposed": [],
                    "provider": "provider.archive"
                },
                "data.archive_file.saveToDB": {
                    "type": "archive_file",
                    "depends_on": [],
                    "primary": {
                        "id": "bff79432b117a6b71df4355369b3668e4624dca4",
                        "attributes": {
                            "id": "bff79432b117a6b71df4355369b3668e4624dca4",
                            "output_base64sha256": "G+NnIvWQk3V5tFsV4RJqQ4p+vRGyh1JvoaI5nfDRpaM=",
                            "output_md5": "ed08072012ab2b1281990c9ef033c9a6",
                            "output_path": "./functions/saveToDB/saveToDB.zip",
                            "output_sha": "bff79432b117a6b71df4355369b3668e4624dca4",
                            "output_size": "811",
                            "source.#": "0",
                            "source_dir": "./functions/saveToDB/saveToDB",
                            "type": "zip"
                        },
                        "meta": {},
                        "tainted": false
                    },
                    "deposed": [],
                    "provider": "provider.archive"
                },
                "data.archive_file.toZamb": {
                    "type": "archive_file",
                    "depends_on": [],
                    "primary": {
                        "id": "37ac164341db9ade5414c68efdddb2799e241a60",
                        "attributes": {
                            "id": "37ac164341db9ade5414c68efdddb2799e241a60",
                            "output_base64sha256": "CGtCg53k/sz5GgpsWveLgzHXP33c9Eqls0lkq8Lcuug=",
                            "output_md5": "1ae08ea7d30410ddd1de4f01bf3a3bf8",
                            "output_path": "./functions/toZamb/toZamb.zip",
                            "output_sha": "37ac164341db9ade5414c68efdddb2799e241a60",
                            "output_size": "662",
                            "source.#": "0",
                            "source_dir": "./functions/toZamb/toZamb",
                            "type": "zip"
                        },
                        "meta": {},
                        "tainted": false
                    },
                    "deposed": [],
                    "provider": "provider.archive"
                },
                "data.archive_file.zamb": {
                    "type": "archive_file",
                    "depends_on": [],
                    "primary": {
                        "id": "7707874d8cd077699bc4bebde3b96f4a99ce5bc0",
                        "attributes": {
                            "id": "7707874d8cd077699bc4bebde3b96f4a99ce5bc0",
                            "output_base64sha256": "2rTD4/SjP/GW9uPhdommrXM78XlH8eXORWyuQHFaGDU=",
                            "output_md5": "4034aa02865725279f1d9aa8e2986d69",
                            "output_path": "./functions/zamb/zamb.zip",
                            "output_sha": "7707874d8cd077699bc4bebde3b96f4a99ce5bc0",
                            "output_size": "1882",
                            "source.#": "0",
                            "source_dir": "./functions/zamb/zamb",
                            "type": "zip"
                        },
                        "meta": {},
                        "tainted": false
                    },
                    "deposed": [],
                    "provider": "provider.archive"
                },
                "google_cloud_scheduler_job.api-job": {
                    "type": "google_cloud_scheduler_job",
                    "depends_on": [
                        "google_cloudfunctions_function.get-data"
                    ],
                    "primary": {
                        "id": "api-job",
                        "attributes": {
                            "app_engine_http_target.#": "0",
                            "description": "test http job",
                            "http_target.#": "1",
                            "http_target.0.body": "",
                            "http_target.0.headers.%": "0",
                            "http_target.0.http_method": "POST",
                            "http_target.0.uri": "https://us-central1-vpc2project.cloudfunctions.net/get-data",
                            "id": "api-job",
                            "name": "api-job",
                            "project": "vpc2project",
                            "pubsub_target.#": "0",
                            "region": "us-central1",
                            "retry_config.#": "0",
                            "schedule": "*/15 * * * *",
                            "time_zone": "Europe/Brussels"
                        },
                        "meta": {
                            "e2bfb730-ecaa-11e6-8f88-34363bc7c4c0": {
                                "create": 240000000000,
                                "delete": 240000000000
                            }
                        },
                        "tainted": false
                    },
                    "deposed": [],
                    "provider": "module.functions.provider.google"
                },
                "google_cloudfunctions_function.apiToTF": {
                    "type": "google_cloudfunctions_function",
                    "depends_on": [
                        "google_storage_bucket.bucket",
                        "google_storage_bucket_object.apiToTF"
                    ],
                    "primary": {
                        "id": "vpc2project/us-central1/apiToTF",
                        "attributes": {
                            "available_memory_mb": "128",
                            "description": "api_to_TF",
                            "entry_point": "data_to_predict",
                            "environment_variables.%": "0",
                            "event_trigger.#": "0",
                            "https_trigger_url": "https://us-central1-vpc2project.cloudfunctions.net/apiToTF",
                            "id": "vpc2project/us-central1/apiToTF",
                            "labels.%": "0",
                            "max_instances": "0",
                            "name": "apiToTF",
                            "project": "vpc2project",
                            "region": "us-central1",
                            "runtime": "python37",
                            "service_account_email": "vpc2project@appspot.gserviceaccount.com",
                            "source_archive_bucket": "bucketfortest12345",
                            "source_archive_object": "apiToTF.tT8BIyIN3bPSdD6aS/+Ro+/yR5VI6n4gUOM7Z892+SE=.zip",
                            "source_repository.#": "0",
                            "timeout": "60",
                            "trigger_http": "true"
                        },
                        "meta": {
                            "e2bfb730-ecaa-11e6-8f88-34363bc7c4c0": {
                                "create": 300000000000,
                                "delete": 300000000000,
                                "read": 300000000000
                            }
                        },
                        "tainted": false
                    },
                    "deposed": [],
                    "provider": "module.functions.provider.google"
                },
                "google_cloudfunctions_function.get-data": {
                    "type": "google_cloudfunctions_function",
                    "depends_on": [
                        "google_storage_bucket.bucket",
                        "google_storage_bucket_object.app"
                    ],
                    "primary": {
                        "id": "vpc2project/us-central1/get-data",
                        "attributes": {
                            "available_memory_mb": "256",
                            "description": "My weather",
                            "entry_point": "get_data_from_api",
                            "environment_variables.%": "2",
                            "environment_variables.API": "276ec06355caea9ea3871dff528fe49d",
                            "environment_variables.project": "vpc2project",
                            "event_trigger.#": "0",
                            "https_trigger_url": "https://us-central1-vpc2project.cloudfunctions.net/get-data",
                            "id": "vpc2project/us-central1/get-data",
                            "labels.%": "1",
                            "labels.my-label": "my-label-value",
                            "max_instances": "0",
                            "name": "get-data",
                            "project": "vpc2project",
                            "region": "us-central1",
                            "runtime": "python37",
                            "service_account_email": "vpc2project@appspot.gserviceaccount.com",
                            "source_archive_bucket": "bucketfortest12345",
                            "source_archive_object": "app.Zl3QNZftpls/wjIqPUSfXa/49lVmzclBM0D9RUr5vZc=.zip",
                            "source_repository.#": "0",
                            "timeout": "60",
                            "trigger_http": "true"
                        },
                        "meta": {
                            "e2bfb730-ecaa-11e6-8f88-34363bc7c4c0": {
                                "create": 300000000000,
                                "delete": 300000000000,
                                "read": 300000000000
                            }
                        },
                        "tainted": false
                    },
                    "deposed": [],
                    "provider": "module.functions.provider.google"
                },
                "google_cloudfunctions_function.getPredictions": {
                    "type": "google_cloudfunctions_function",
                    "depends_on": [
                        "google_cloudfunctions_function.apiToTF",
                        "google_storage_bucket.bucket",
                        "google_storage_bucket_object.getPredictions"
                    ],
                    "primary": {
                        "id": "vpc2project/us-central1/getPredictions",
                        "attributes": {
                            "available_memory_mb": "128",
                            "description": "Fetching from MongoDB",
                            "entry_point": "get_predictions",
                            "environment_variables.%": "2",
                            "environment_variables.ip_tf": "34.66.147.52",
                            "environment_variables.link_api_to_tf": "https://us-central1-vpc2project.cloudfunctions.net/apiToTF",
                            "event_trigger.#": "0",
                            "https_trigger_url": "https://us-central1-vpc2project.cloudfunctions.net/getPredictions",
                            "id": "vpc2project/us-central1/getPredictions",
                            "labels.%": "0",
                            "max_instances": "0",
                            "name": "getPredictions",
                            "project": "vpc2project",
                            "region": "us-central1",
                            "runtime": "python37",
                            "service_account_email": "vpc2project@appspot.gserviceaccount.com",
                            "source_archive_bucket": "bucketfortest12345",
                            "source_archive_object": "getPredictions.7+Upfqqq6C/XEyzk3T3pgfHnPbmOp2R+m3eeaPyeXZ4=.zip",
                            "source_repository.#": "0",
                            "timeout": "60",
                            "trigger_http": "true"
                        },
                        "meta": {
                            "e2bfb730-ecaa-11e6-8f88-34363bc7c4c0": {
                                "create": 300000000000,
                                "delete": 300000000000,
                                "read": 300000000000
                            }
                        },
                        "tainted": false
                    },
                    "deposed": [],
                    "provider": "module.functions.provider.google"
                },
                "google_cloudfunctions_function.toZamb": {
                    "type": "google_cloudfunctions_function",
                    "depends_on": [
                        "google_pubsub_topic.topic2",
                        "google_storage_bucket.bucket",
                        "google_storage_bucket_object.toZamb"
                    ],
                    "primary": {
                        "id": "vpc2project/us-central1/toZamb",
                        "attributes": {
                            "available_memory_mb": "256",
                            "description": "My weather",
                            "entry_point": "message_from_topic2",
                            "environment_variables.%": "2",
                            "environment_variables.link_zamb": "https://us-central1-vpc2project.cloudfunctions.net/zamb",
                            "environment_variables.project": "vpc2project",
                            "event_trigger.#": "1",
                            "event_trigger.0.event_type": "google.pubsub.topic.publish",
                            "event_trigger.0.failure_policy.#": "1",
                            "event_trigger.0.failure_policy.0.retry": "true",
                            "event_trigger.0.resource": "topic2",
                            "id": "vpc2project/us-central1/toZamb",
                            "labels.%": "0",
                            "max_instances": "0",
                            "name": "toZamb",
                            "project": "vpc2project",
                            "region": "us-central1",
                            "runtime": "python37",
                            "service_account_email": "vpc2project@appspot.gserviceaccount.com",
                            "source_archive_bucket": "bucketfortest12345",
                            "source_archive_object": "toZamb.CGtCg53k/sz5GgpsWveLgzHXP33c9Eqls0lkq8Lcuug=.zip",
                            "source_repository.#": "0",
                            "timeout": "60"
                        },
                        "meta": {
                            "e2bfb730-ecaa-11e6-8f88-34363bc7c4c0": {
                                "create": 300000000000,
                                "delete": 300000000000,
                                "read": 300000000000
                            }
                        },
                        "tainted": false
                    },
                    "deposed": [],
                    "provider": "module.functions.provider.google"
                },
                "google_pubsub_topic.topic1": {
                    "type": "google_pubsub_topic",
                    "depends_on": [],
                    "primary": {
                        "id": "projects/vpc2project/topics/topic1",
                        "attributes": {
                            "id": "projects/vpc2project/topics/topic1",
                            "labels.%": "0",
                            "name": "topic1",
                            "project": "vpc2project"
                        },
                        "meta": {
                            "e2bfb730-ecaa-11e6-8f88-34363bc7c4c0": {
                                "create": 240000000000,
                                "delete": 240000000000
                            }
                        },
                        "tainted": false
                    },
                    "deposed": [],
                    "provider": "module.functions.provider.google"
                },
                "google_pubsub_topic.topic2": {
                    "type": "google_pubsub_topic",
                    "depends_on": [],
                    "primary": {
                        "id": "projects/vpc2project/topics/topic2",
                        "attributes": {
                            "id": "projects/vpc2project/topics/topic2",
                            "labels.%": "0",
                            "name": "topic2",
                            "project": "vpc2project"
                        },
                        "meta": {
                            "e2bfb730-ecaa-11e6-8f88-34363bc7c4c0": {
                                "create": 240000000000,
                                "delete": 240000000000
                            }
                        },
                        "tainted": false
                    },
                    "deposed": [],
                    "provider": "module.functions.provider.google"
                },
                "google_pubsub_topic.topic3": {
                    "type": "google_pubsub_topic",
                    "depends_on": [],
                    "primary": {
                        "id": "projects/vpc2project/topics/topic3",
                        "attributes": {
                            "id": "projects/vpc2project/topics/topic3",
                            "labels.%": "0",
                            "name": "topic3",
                            "project": "vpc2project"
                        },
                        "meta": {
                            "e2bfb730-ecaa-11e6-8f88-34363bc7c4c0": {
                                "create": 240000000000,
                                "delete": 240000000000
                            }
                        },
                        "tainted": false
                    },
                    "deposed": [],
                    "provider": "module.functions.provider.google"
                },
                "google_storage_bucket.bucket": {
                    "type": "google_storage_bucket",
                    "depends_on": [],
                    "primary": {
                        "id": "bucketfortest12345",
                        "attributes": {
                            "cors.#": "0",
                            "encryption.#": "0",
                            "force_destroy": "false",
                            "id": "bucketfortest12345",
                            "labels.%": "0",
                            "lifecycle_rule.#": "0",
                            "location": "EU",
                            "logging.#": "0",
                            "name": "bucketfortest12345",
                            "project": "vpc2project",
                            "requester_pays": "false",
                            "self_link": "https://www.googleapis.com/storage/v1/b/bucketfortest12345",
                            "storage_class": "STANDARD",
                            "url": "gs://bucketfortest12345",
                            "versioning.#": "0"
                        },
                        "meta": {},
                        "tainted": false
                    },
                    "deposed": [],
                    "provider": "module.functions.provider.google"
                },
                "google_storage_bucket_object.apiToTF": {
                    "type": "google_storage_bucket_object",
                    "depends_on": [
                        "data.archive_file.apiToTF",
                        "google_storage_bucket.bucket"
                    ],
                    "primary": {
                        "id": "bucketfortest12345-apiToTF.tT8BIyIN3bPSdD6aS/+Ro+/yR5VI6n4gUOM7Z892+SE=.zip",
                        "attributes": {
                            "bucket": "bucketfortest12345",
                            "cache_control": "",
                            "content_disposition": "",
                            "content_encoding": "",
                            "content_language": "",
                            "content_type": "application/zip",
                            "crc32c": "j7fQJg==",
                            "detect_md5hash": "zx1k8BK/ZVMIc8F4PVq3VQ==",
                            "id": "bucketfortest12345-apiToTF.tT8BIyIN3bPSdD6aS/+Ro+/yR5VI6n4gUOM7Z892+SE=.zip",
                            "md5hash": "zx1k8BK/ZVMIc8F4PVq3VQ==",
                            "name": "apiToTF.tT8BIyIN3bPSdD6aS/+Ro+/yR5VI6n4gUOM7Z892+SE=.zip",
                            "output_name": "apiToTF.tT8BIyIN3bPSdD6aS/+Ro+/yR5VI6n4gUOM7Z892+SE=.zip",
                            "self_link": "https://www.googleapis.com/storage/v1/b/bucketfortest12345/o/apiToTF.tT8BIyIN3bPSdD6aS%2F%2BRo%2B%2FyR5VI6n4gUOM7Z892%2BSE=.zip",
                            "source": "./functions/apiToTF/apiToTF.zip",
                            "storage_class": "STANDARD"
                        },
                        "meta": {},
                        "tainted": false
                    },
                    "deposed": [],
                    "provider": "module.functions.provider.google"
                },
                "google_storage_bucket_object.app": {
                    "type": "google_storage_bucket_object",
                    "depends_on": [
                        "data.archive_file.app",
                        "google_storage_bucket.bucket"
                    ],
                    "primary": {
                        "id": "bucketfortest12345-app.Zl3QNZftpls/wjIqPUSfXa/49lVmzclBM0D9RUr5vZc=.zip",
                        "attributes": {
                            "bucket": "bucketfortest12345",
                            "cache_control": "",
                            "content_disposition": "",
                            "content_encoding": "",
                            "content_language": "",
                            "content_type": "application/zip",
                            "crc32c": "l0JTUA==",
                            "detect_md5hash": "1f61jTq8tQK1xS2/4uDTmA==",
                            "id": "bucketfortest12345-app.Zl3QNZftpls/wjIqPUSfXa/49lVmzclBM0D9RUr5vZc=.zip",
                            "md5hash": "1f61jTq8tQK1xS2/4uDTmA==",
                            "name": "app.Zl3QNZftpls/wjIqPUSfXa/49lVmzclBM0D9RUr5vZc=.zip",
                            "output_name": "app.Zl3QNZftpls/wjIqPUSfXa/49lVmzclBM0D9RUr5vZc=.zip",
                            "self_link": "https://www.googleapis.com/storage/v1/b/bucketfortest12345/o/app.Zl3QNZftpls%2FwjIqPUSfXa%2F49lVmzclBM0D9RUr5vZc=.zip",
                            "source": "./functions/app/app.zip",
                            "storage_class": "STANDARD"
                        },
                        "meta": {},
                        "tainted": false
                    },
                    "deposed": [],
                    "provider": "module.functions.provider.google"
                },
                "google_storage_bucket_object.currentTemp": {
                    "type": "google_storage_bucket_object",
                    "depends_on": [
                        "data.archive_file.currentTemp",
                        "google_storage_bucket.bucket"
                    ],
                    "primary": {
                        "id": "bucketfortest12345-currentTemp.OUONDbYWpIR/0KP4E9jjffYjjbDlWQSKGtDxVsXLKtw=.zip",
                        "attributes": {
                            "bucket": "bucketfortest12345",
                            "cache_control": "",
                            "content_disposition": "",
                            "content_encoding": "",
                            "content_language": "",
                            "content_type": "application/zip",
                            "crc32c": "GU6CiA==",
                            "detect_md5hash": "h1IaDQOyu+5bbA0LOtBFIA==",
                            "id": "bucketfortest12345-currentTemp.OUONDbYWpIR/0KP4E9jjffYjjbDlWQSKGtDxVsXLKtw=.zip",
                            "md5hash": "h1IaDQOyu+5bbA0LOtBFIA==",
                            "name": "currentTemp.OUONDbYWpIR/0KP4E9jjffYjjbDlWQSKGtDxVsXLKtw=.zip",
                            "output_name": "currentTemp.OUONDbYWpIR/0KP4E9jjffYjjbDlWQSKGtDxVsXLKtw=.zip",
                            "self_link": "https://www.googleapis.com/storage/v1/b/bucketfortest12345/o/currentTemp.OUONDbYWpIR%2F0KP4E9jjffYjjbDlWQSKGtDxVsXLKtw=.zip",
                            "source": "./functions/currentTemp/currentTemp.zip",
                            "storage_class": "STANDARD"
                        },
                        "meta": {},
                        "tainted": false
                    },
                    "deposed": [],
                    "provider": "module.functions.provider.google"
                },
                "google_storage_bucket_object.getFromDB": {
                    "type": "google_storage_bucket_object",
                    "depends_on": [
                        "data.archive_file.getFromDB",
                        "google_storage_bucket.bucket"
                    ],
                    "primary": {
                        "id": "bucketfortest12345-getFromDB.zSaIQjvtuzObzfg9Po+Lvedm4aoI1Cn23aDc3oSdxpE=.zip",
                        "attributes": {
                            "bucket": "bucketfortest12345",
                            "cache_control": "",
                            "content_disposition": "",
                            "content_encoding": "",
                            "content_language": "",
                            "content_type": "application/zip",
                            "crc32c": "i5Ux0A==",
                            "detect_md5hash": "V5sJD2y8eW72l6FcAcvkmQ==",
                            "id": "bucketfortest12345-getFromDB.zSaIQjvtuzObzfg9Po+Lvedm4aoI1Cn23aDc3oSdxpE=.zip",
                            "md5hash": "V5sJD2y8eW72l6FcAcvkmQ==",
                            "name": "getFromDB.zSaIQjvtuzObzfg9Po+Lvedm4aoI1Cn23aDc3oSdxpE=.zip",
                            "output_name": "getFromDB.zSaIQjvtuzObzfg9Po+Lvedm4aoI1Cn23aDc3oSdxpE=.zip",
                            "self_link": "https://www.googleapis.com/storage/v1/b/bucketfortest12345/o/getFromDB.zSaIQjvtuzObzfg9Po%2BLvedm4aoI1Cn23aDc3oSdxpE=.zip",
                            "source": "./functions/getFromDB/getFromDB.zip",
                            "storage_class": "STANDARD"
                        },
                        "meta": {},
                        "tainted": false
                    },
                    "deposed": [],
                    "provider": "module.functions.provider.google"
                },
                "google_storage_bucket_object.getPredictions": {
                    "type": "google_storage_bucket_object",
                    "depends_on": [
                        "data.archive_file.getPredictions",
                        "google_storage_bucket.bucket"
                    ],
                    "primary": {
                        "id": "bucketfortest12345-getPredictions.7+Upfqqq6C/XEyzk3T3pgfHnPbmOp2R+m3eeaPyeXZ4=.zip",
                        "attributes": {
                            "bucket": "bucketfortest12345",
                            "cache_control": "",
                            "content_disposition": "",
                            "content_encoding": "",
                            "content_language": "",
                            "content_type": "application/zip",
                            "crc32c": "wXYLXA==",
                            "detect_md5hash": "rLltBRIpwCMYVEb+5IowUA==",
                            "id": "bucketfortest12345-getPredictions.7+Upfqqq6C/XEyzk3T3pgfHnPbmOp2R+m3eeaPyeXZ4=.zip",
                            "md5hash": "rLltBRIpwCMYVEb+5IowUA==",
                            "name": "getPredictions.7+Upfqqq6C/XEyzk3T3pgfHnPbmOp2R+m3eeaPyeXZ4=.zip",
                            "output_name": "getPredictions.7+Upfqqq6C/XEyzk3T3pgfHnPbmOp2R+m3eeaPyeXZ4=.zip",
                            "self_link": "https://www.googleapis.com/storage/v1/b/bucketfortest12345/o/getPredictions.7%2BUpfqqq6C%2FXEyzk3T3pgfHnPbmOp2R%2Bm3eeaPyeXZ4=.zip",
                            "source": "./functions/getPredictions/getPredictions.zip",
                            "storage_class": "STANDARD"
                        },
                        "meta": {},
                        "tainted": false
                    },
                    "deposed": [],
                    "provider": "module.functions.provider.google"
                },
                "google_storage_bucket_object.saveToDB": {
                    "type": "google_storage_bucket_object",
                    "depends_on": [
                        "data.archive_file.saveToDB",
                        "google_storage_bucket.bucket"
                    ],
                    "primary": {
                        "id": "bucketfortest12345-saveToDB.G+NnIvWQk3V5tFsV4RJqQ4p+vRGyh1JvoaI5nfDRpaM=.zip",
                        "attributes": {
                            "bucket": "bucketfortest12345",
                            "cache_control": "",
                            "content_disposition": "",
                            "content_encoding": "",
                            "content_language": "",
                            "content_type": "application/zip",
                            "crc32c": "SZgS/Q==",
                            "detect_md5hash": "7QgHIBKrKxKBmQye8DPJpg==",
                            "id": "bucketfortest12345-saveToDB.G+NnIvWQk3V5tFsV4RJqQ4p+vRGyh1JvoaI5nfDRpaM=.zip",
                            "md5hash": "7QgHIBKrKxKBmQye8DPJpg==",
                            "name": "saveToDB.G+NnIvWQk3V5tFsV4RJqQ4p+vRGyh1JvoaI5nfDRpaM=.zip",
                            "output_name": "saveToDB.G+NnIvWQk3V5tFsV4RJqQ4p+vRGyh1JvoaI5nfDRpaM=.zip",
                            "self_link": "https://www.googleapis.com/storage/v1/b/bucketfortest12345/o/saveToDB.G%2BNnIvWQk3V5tFsV4RJqQ4p%2BvRGyh1JvoaI5nfDRpaM=.zip",
                            "source": "./functions/saveToDB/saveToDB.zip",
                            "storage_class": "STANDARD"
                        },
                        "meta": {},
                        "tainted": false
                    },
                    "deposed": [],
                    "provider": "module.functions.provider.google"
                },
                "google_storage_bucket_object.toZamb": {
                    "type": "google_storage_bucket_object",
                    "depends_on": [
                        "data.archive_file.toZamb",
                        "google_storage_bucket.bucket"
                    ],
                    "primary": {
                        "id": "bucketfortest12345-toZamb.CGtCg53k/sz5GgpsWveLgzHXP33c9Eqls0lkq8Lcuug=.zip",
                        "attributes": {
                            "bucket": "bucketfortest12345",
                            "cache_control": "",
                            "content_disposition": "",
                            "content_encoding": "",
                            "content_language": "",
                            "content_type": "application/zip",
                            "crc32c": "Uu+Ghw==",
                            "detect_md5hash": "GuCOp9MEEN3R3k8Bvzo7+A==",
                            "id": "bucketfortest12345-toZamb.CGtCg53k/sz5GgpsWveLgzHXP33c9Eqls0lkq8Lcuug=.zip",
                            "md5hash": "GuCOp9MEEN3R3k8Bvzo7+A==",
                            "name": "toZamb.CGtCg53k/sz5GgpsWveLgzHXP33c9Eqls0lkq8Lcuug=.zip",
                            "output_name": "toZamb.CGtCg53k/sz5GgpsWveLgzHXP33c9Eqls0lkq8Lcuug=.zip",
                            "self_link": "https://www.googleapis.com/storage/v1/b/bucketfortest12345/o/toZamb.CGtCg53k%2Fsz5GgpsWveLgzHXP33c9Eqls0lkq8Lcuug=.zip",
                            "source": "./functions/toZamb/toZamb.zip",
                            "storage_class": "STANDARD"
                        },
                        "meta": {},
                        "tainted": false
                    },
                    "deposed": [],
                    "provider": "module.functions.provider.google"
                },
                "google_storage_bucket_object.zamb": {
                    "type": "google_storage_bucket_object",
                    "depends_on": [
                        "data.archive_file.zamb",
                        "google_storage_bucket.bucket"
                    ],
                    "primary": {
                        "id": "bucketfortest12345-zamb.2rTD4/SjP/GW9uPhdommrXM78XlH8eXORWyuQHFaGDU=.zip",
                        "attributes": {
                            "bucket": "bucketfortest12345",
                            "cache_control": "",
                            "content_disposition": "",
                            "content_encoding": "",
                            "content_language": "",
                            "content_type": "application/zip",
                            "crc32c": "80W4Rw==",
                            "detect_md5hash": "QDSqAoZXJSefHZqo4phtaQ==",
                            "id": "bucketfortest12345-zamb.2rTD4/SjP/GW9uPhdommrXM78XlH8eXORWyuQHFaGDU=.zip",
                            "md5hash": "QDSqAoZXJSefHZqo4phtaQ==",
                            "name": "zamb.2rTD4/SjP/GW9uPhdommrXM78XlH8eXORWyuQHFaGDU=.zip",
                            "output_name": "zamb.2rTD4/SjP/GW9uPhdommrXM78XlH8eXORWyuQHFaGDU=.zip",
                            "self_link": "https://www.googleapis.com/storage/v1/b/bucketfortest12345/o/zamb.2rTD4%2FSjP%2FGW9uPhdommrXM78XlH8eXORWyuQHFaGDU=.zip",
                            "source": "./functions/zamb/zamb.zip",
                            "storage_class": "STANDARD"
                        },
                        "meta": {},
                        "tainted": false
                    },
                    "deposed": [],
                    "provider": "module.functions.provider.google"
                },
                "null_resource.VPCconnector": {
                    "type": "null_resource",
                    "depends_on": [],
                    "primary": {
                        "id": "790949552121999650",
                        "attributes": {
                            "id": "790949552121999650"
                        },
                        "meta": {},
                        "tainted": false
                    },
                    "deposed": [],
                    "provider": "provider.null"
                },
                "null_resource.currentTemp": {
                    "type": "null_resource",
                    "depends_on": [
                        "google_pubsub_topic.topic3",
                        "google_storage_bucket.bucket",
                        "google_storage_bucket_object.currentTemp",
                        "null_resource.VPCconnector"
                    ],
                    "primary": {
                        "id": "5597107812193964390",
                        "attributes": {
                            "id": "5597107812193964390",
                            "triggers.%": "1",
                            "triggers.check_func_availability": "f819e7df2bc1fcc0daf0eb054c48c5ef59083563"
                        },
                        "meta": {},
                        "tainted": false
                    },
                    "deposed": [],
                    "provider": "provider.null"
                },
                "null_resource.getFromDB": {
                    "type": "null_resource",
                    "depends_on": [
                        "google_storage_bucket.bucket",
                        "google_storage_bucket_object.getFromDB",
                        "null_resource.VPCconnector"
                    ],
                    "primary": {
                        "id": "2543666517772930780",
                        "attributes": {
                            "id": "2543666517772930780",
                            "triggers.%": "1",
                            "triggers.check_func_availability": "786110cfc98cfb8a35e0b1cf87690a89fcfb3434"
                        },
                        "meta": {},
                        "tainted": false
                    },
                    "deposed": [],
                    "provider": "provider.null"
                },
                "null_resource.saveToDB": {
                    "type": "null_resource",
                    "depends_on": [
                        "google_pubsub_topic.topic1",
                        "google_storage_bucket.bucket",
                        "google_storage_bucket_object.saveToDB",
                        "null_resource.VPCconnector"
                    ],
                    "primary": {
                        "id": "7813062022226919859",
                        "attributes": {
                            "id": "7813062022226919859",
                            "triggers.%": "1",
                            "triggers.check_func_availability": "3977f580d531bca7b8a4dfd5af86e11898b5008e"
                        },
                        "meta": {},
                        "tainted": false
                    },
                    "deposed": [],
                    "provider": "provider.null"
                },
                "null_resource.zamb": {
                    "type": "null_resource",
                    "depends_on": [
                        "google_storage_bucket.bucket",
                        "google_storage_bucket_object.zamb",
                        "null_resource.VPCconnector"
                    ],
                    "primary": {
                        "id": "6471546585580926330",
                        "attributes": {
                            "id": "6471546585580926330",
                            "triggers.%": "1",
                            "triggers.check_func_availability": "38d30c26b2e616906b0b5e199146edc592ab1cf4"
                        },
                        "meta": {},
                        "tainted": false
                    },
                    "deposed": [],
                    "provider": "provider.null"
                }
            },
            "depends_on": []
        },
        {
            "path": [
                "root",
                "gke"
            ],
            "outputs": {
                "client_certificate": {
                    "sensitive": true,
                    "type": "string",
                    "value": ""
                },
                "client_key": {
                    "sensitive": true,
                    "type": "string",
                    "value": ""
                },
                "cluster_ca_certificate": {
                    "sensitive": true,
                    "type": "string",
                    "value": "LS0tLS1CRUdJTiBDRVJUSUZJQ0FURS0tLS0tCk1JSURERENDQWZTZ0F3SUJBZ0lSQU1SUGlBd1dpTWU5MFp6bTZPalJycXd3RFFZSktvWklodmNOQVFFTEJRQXcKTHpFdE1Dc0dBMVVFQXhNa01qRTBNamMyTURZdFpqZzVOQzAwWW1RNUxUazNPVGt0Wm1Fek9XSXpNREpqWkRjNApNQjRYRFRFNU1EVXlNakUzTURZek5Gb1hEVEkwTURVeU1ERTRNRFl6TkZvd0x6RXRNQ3NHQTFVRUF4TWtNakUwCk1qYzJNRFl0WmpnNU5DMDBZbVE1TFRrM09Ua3RabUV6T1dJek1ESmpaRGM0TUlJQklqQU5CZ2txaGtpRzl3MEIKQVFFRkFBT0NBUThBTUlJQkNnS0NBUUVBcjRTMzZvM0dHQUhQZ29WNUdKNEIvc3NJSU9adzNuWFZUMzY4UjFuRwpoY0l1eVd5eSs1VVJmWXNENWtsbkw5UTNQNzYyR25RUVRLdDlrL0lrQ2Z0bCszTks0cFIzTFlTVUJhQjNkekFxCnFHcTNFc0RNcGpBU3RVK25GQWhuZU8weUV5ckl4czBneWc0aUhxTEtkcjh4TkEyMnJKYjczcm5WanNxdFZoTncKdWJMbWR5bTJtd05NclVwcTRXVUxpWjlXbmFmZmdhT09nT0xZTERaTThYcXBlU0c5SHFDdDRLMFp3WEZtSDZHaQpMdDlyR2JTSjh6VlBRM2FlVzI1QnJ2RVQrcGlKS1NtUjRoN2J2ZEVFR1VmK0liV2wyOU9TYWprSVBBZ1RsRCtWCkVDR0JWRE9iekJVSklxbGRaN0cvMnhZQ1M0Q256Q0h0LzV3QWxENFk5YlA0cFFJREFRQUJveU13SVRBT0JnTlYKSFE4QkFmOEVCQU1DQWdRd0R3WURWUjBUQVFIL0JBVXdBd0VCL3pBTkJna3Foa2lHOXcwQkFRc0ZBQU9DQVFFQQpQeVk0Y0FpWFR4eWlldC9BN0poYWV3MWNBUnpwd0t4SWV6a2dTYlQ4K1IrSktyazdwSnorKzZ6T2sxeHNzSWZKCnQyYWtsK3g0VWk0MFRLUGdSaUpnek8vSkd3S0dtZ1BUc2NoWStzR0tUdzhDeE5GM0ZpbHBsamo0YXlNVDh5UkgKa1UydTd3WWFBNnhnV2dLM2M2aExDeERmNmFpSW5ad1lSbmxCM3pTeHJUZ2FMUk5EdU5HL2dWdExLUEo3WXBVdwpnWFc2ZzAzRHFycUhDcHFjN2xWcXFlZnVwazJEMXVxeEMxQzA3SHdlai81dHF0eXVYM2dKeHJFWWtRREdaMzl0CjduL0tCa2ttdFh5VTFibzkzamRrR1BDT0VjN09RV1dvVlZtZjd3S0ErSHh0Y3hEOExPTjJYVlFTN2I2S2gxczEKV01Lc1NzSDFBWk5FYXE5R0JDbk8rUT09Ci0tLS0tRU5EIENFUlRJRklDQVRFLS0tLS0K"
                },
                "devnet": {
                    "sensitive": false,
                    "type": "string",
                    "value": "https://www.googleapis.com/compute/v1/projects/vpc2project/global/networks/devnet"
                },
                "external_ip": {
                    "sensitive": true,
                    "type": "string",
                    "value": "34.66.147.52"
                },
                "host": {
                    "sensitive": true,
                    "type": "string",
                    "value": "35.238.71.243"
                },
                "ripmongo": {
                    "sensitive": false,
                    "type": "string",
                    "value": "10.128.0.10"
                },
                "ripredis": {
                    "sensitive": false,
                    "type": "string",
                    "value": "10.128.0.12"
                }
            },
            "resources": {
                "data.google_compute_subnetwork.devnet": {
                    "type": "google_compute_subnetwork",
                    "depends_on": [],
                    "primary": {
                        "id": "us-central1/devnet",
                        "attributes": {
                            "description": "",
                            "gateway_address": "10.128.0.1",
                            "id": "us-central1/devnet",
                            "ip_cidr_range": "10.128.0.0/20",
                            "name": "devnet",
                            "network": "https://www.googleapis.com/compute/v1/projects/vpc2project/global/networks/devnet",
                            "private_ip_google_access": "false",
                            "project": "vpc2project",
                            "region": "us-central1",
                            "secondary_ip_range.#": "0",
                            "self_link": "https://www.googleapis.com/compute/v1/projects/vpc2project/regions/us-central1/subnetworks/devnet"
                        },
                        "meta": {},
                        "tainted": false
                    },
                    "deposed": [],
                    "provider": "module.gke.provider.google"
                },
                "google_compute_address.external": {
                    "type": "google_compute_address",
                    "depends_on": [],
                    "primary": {
                        "id": "vpc2project/us-central1/external",
                        "attributes": {
                            "address": "34.66.147.52",
                            "address_type": "EXTERNAL",
                            "creation_timestamp": "2019-05-22T11:06:34.682-07:00",
                            "description": "",
                            "id": "vpc2project/us-central1/external",
                            "name": "external",
                            "network_tier": "PREMIUM",
                            "project": "vpc2project",
                            "region": "us-central1",
                            "self_link": "https://www.googleapis.com/compute/v1/projects/vpc2project/regions/us-central1/addresses/external",
                            "subnetwork": "",
                            "users.#": "1",
                            "users.0": "https://www.googleapis.com/compute/v1/projects/vpc2project/regions/us-central1/forwardingRules/adb0a90a07cbc11e9ad1a42010a8000b"
                        },
                        "meta": {
                            "e2bfb730-ecaa-11e6-8f88-34363bc7c4c0": {
                                "create": 240000000000,
                                "delete": 240000000000
                            }
                        },
                        "tainted": false
                    },
                    "deposed": [],
                    "provider": "module.gke.provider.google"
                },
                "google_compute_address.ripmongo": {
                    "type": "google_compute_address",
                    "depends_on": [
                        "data.google_compute_subnetwork.devnet"
                    ],
                    "primary": {
                        "id": "vpc2project/us-central1/ripmongo",
                        "attributes": {
                            "address": "10.128.0.10",
                            "address_type": "INTERNAL",
                            "creation_timestamp": "2019-05-22T11:54:42.559-07:00",
                            "description": "",
                            "id": "vpc2project/us-central1/ripmongo",
                            "name": "ripmongo",
                            "network_tier": "",
                            "project": "vpc2project",
                            "region": "us-central1",
                            "self_link": "https://www.googleapis.com/compute/v1/projects/vpc2project/regions/us-central1/addresses/ripmongo",
                            "subnetwork": "https://www.googleapis.com/compute/v1/projects/vpc2project/regions/us-central1/subnetworks/devnet",
                            "users.#": "0"
                        },
                        "meta": {
                            "e2bfb730-ecaa-11e6-8f88-34363bc7c4c0": {
                                "create": 240000000000,
                                "delete": 240000000000
                            }
                        },
                        "tainted": false
                    },
                    "deposed": [],
                    "provider": "module.gke.provider.google"
                },
                "google_compute_address.ripredis": {
                    "type": "google_compute_address",
                    "depends_on": [
                        "data.google_compute_subnetwork.devnet"
                    ],
                    "primary": {
                        "id": "vpc2project/us-central1/ripredis",
                        "attributes": {
                            "address": "10.128.0.12",
                            "address_type": "INTERNAL",
                            "creation_timestamp": "2019-05-22T11:54:42.540-07:00",
                            "description": "",
                            "id": "vpc2project/us-central1/ripredis",
                            "name": "ripredis",
                            "network_tier": "",
                            "project": "vpc2project",
                            "region": "us-central1",
                            "self_link": "https://www.googleapis.com/compute/v1/projects/vpc2project/regions/us-central1/addresses/ripredis",
                            "subnetwork": "https://www.googleapis.com/compute/v1/projects/vpc2project/regions/us-central1/subnetworks/devnet",
                            "users.#": "0"
                        },
                        "meta": {
                            "e2bfb730-ecaa-11e6-8f88-34363bc7c4c0": {
                                "create": 240000000000,
                                "delete": 240000000000
                            }
                        },
                        "tainted": false
                    },
                    "deposed": [],
                    "provider": "module.gke.provider.google"
                },
                "google_compute_network.devnet": {
                    "type": "google_compute_network",
                    "depends_on": [],
                    "primary": {
                        "id": "devnet",
                        "attributes": {
                            "auto_create_subnetworks": "true",
                            "delete_default_routes_on_create": "false",
                            "description": "",
                            "gateway_ipv4": "",
                            "id": "devnet",
                            "ipv4_range": "",
                            "name": "devnet",
                            "project": "vpc2project",
                            "routing_mode": "REGIONAL",
                            "self_link": "https://www.googleapis.com/compute/v1/projects/vpc2project/global/networks/devnet"
                        },
                        "meta": {
                            "e2bfb730-ecaa-11e6-8f88-34363bc7c4c0": {
                                "create": 240000000000,
                                "delete": 240000000000,
                                "update": 240000000000
                            }
                        },
                        "tainted": false
                    },
                    "deposed": [],
                    "provider": "module.gke.provider.google"
                },
                "google_container_cluster.k8s_dev_cluster": {
                    "type": "google_container_cluster",
                    "depends_on": [],
                    "primary": {
                        "id": "k8s-dev-cluster",
                        "attributes": {
                            "additional_zones.#": "3",
                            "additional_zones.114014501": "us-central1-b",
                            "additional_zones.1655143457": "us-central1-f",
                            "additional_zones.770108134": "us-central1-a",
                            "addons_config.#": "1",
                            "addons_config.0.horizontal_pod_autoscaling.#": "0",
                            "addons_config.0.http_load_balancing.#": "0",
                            "addons_config.0.kubernetes_dashboard.#": "1",
                            "addons_config.0.kubernetes_dashboard.0.disabled": "true",
                            "addons_config.0.network_policy_config.#": "1",
                            "addons_config.0.network_policy_config.0.disabled": "true",
                            "cluster_autoscaling.#": "0",
                            "cluster_ipv4_cidr": "10.20.0.0/14",
                            "description": "",
                            "enable_kubernetes_alpha": "false",
                            "enable_legacy_abac": "false",
                            "endpoint": "35.238.71.243",
                            "id": "k8s-dev-cluster",
                            "initial_node_count": "2",
                            "instance_group_urls.#": "3",
                            "instance_group_urls.0": "https://www.googleapis.com/compute/v1/projects/vpc2project/zones/us-central1-b/instanceGroups/gke-k8s-dev-cluster-default-pool-eb18383d-grp",
                            "instance_group_urls.1": "https://www.googleapis.com/compute/v1/projects/vpc2project/zones/us-central1-f/instanceGroups/gke-k8s-dev-cluster-default-pool-25da8ff8-grp",
                            "instance_group_urls.2": "https://www.googleapis.com/compute/v1/projects/vpc2project/zones/us-central1-a/instanceGroups/gke-k8s-dev-cluster-default-pool-6c93293d-grp",
                            "ip_allocation_policy.#": "0",
                            "location": "us-central1",
                            "logging_service": "logging.googleapis.com",
                            "maintenance_policy.#": "0",
                            "master_auth.#": "1",
                            "master_auth.0.client_certificate": "",
                            "master_auth.0.client_certificate_config.#": "1",
                            "master_auth.0.client_certificate_config.0.issue_client_certificate": "false",
                            "master_auth.0.client_key": "",
                            "master_auth.0.cluster_ca_certificate": "LS0tLS1CRUdJTiBDRVJUSUZJQ0FURS0tLS0tCk1JSURERENDQWZTZ0F3SUJBZ0lSQU1SUGlBd1dpTWU5MFp6bTZPalJycXd3RFFZSktvWklodmNOQVFFTEJRQXcKTHpFdE1Dc0dBMVVFQXhNa01qRTBNamMyTURZdFpqZzVOQzAwWW1RNUxUazNPVGt0Wm1Fek9XSXpNREpqWkRjNApNQjRYRFRFNU1EVXlNakUzTURZek5Gb1hEVEkwTURVeU1ERTRNRFl6TkZvd0x6RXRNQ3NHQTFVRUF4TWtNakUwCk1qYzJNRFl0WmpnNU5DMDBZbVE1TFRrM09Ua3RabUV6T1dJek1ESmpaRGM0TUlJQklqQU5CZ2txaGtpRzl3MEIKQVFFRkFBT0NBUThBTUlJQkNnS0NBUUVBcjRTMzZvM0dHQUhQZ29WNUdKNEIvc3NJSU9adzNuWFZUMzY4UjFuRwpoY0l1eVd5eSs1VVJmWXNENWtsbkw5UTNQNzYyR25RUVRLdDlrL0lrQ2Z0bCszTks0cFIzTFlTVUJhQjNkekFxCnFHcTNFc0RNcGpBU3RVK25GQWhuZU8weUV5ckl4czBneWc0aUhxTEtkcjh4TkEyMnJKYjczcm5WanNxdFZoTncKdWJMbWR5bTJtd05NclVwcTRXVUxpWjlXbmFmZmdhT09nT0xZTERaTThYcXBlU0c5SHFDdDRLMFp3WEZtSDZHaQpMdDlyR2JTSjh6VlBRM2FlVzI1QnJ2RVQrcGlKS1NtUjRoN2J2ZEVFR1VmK0liV2wyOU9TYWprSVBBZ1RsRCtWCkVDR0JWRE9iekJVSklxbGRaN0cvMnhZQ1M0Q256Q0h0LzV3QWxENFk5YlA0cFFJREFRQUJveU13SVRBT0JnTlYKSFE4QkFmOEVCQU1DQWdRd0R3WURWUjBUQVFIL0JBVXdBd0VCL3pBTkJna3Foa2lHOXcwQkFRc0ZBQU9DQVFFQQpQeVk0Y0FpWFR4eWlldC9BN0poYWV3MWNBUnpwd0t4SWV6a2dTYlQ4K1IrSktyazdwSnorKzZ6T2sxeHNzSWZKCnQyYWtsK3g0VWk0MFRLUGdSaUpnek8vSkd3S0dtZ1BUc2NoWStzR0tUdzhDeE5GM0ZpbHBsamo0YXlNVDh5UkgKa1UydTd3WWFBNnhnV2dLM2M2aExDeERmNmFpSW5ad1lSbmxCM3pTeHJUZ2FMUk5EdU5HL2dWdExLUEo3WXBVdwpnWFc2ZzAzRHFycUhDcHFjN2xWcXFlZnVwazJEMXVxeEMxQzA3SHdlai81dHF0eXVYM2dKeHJFWWtRREdaMzl0CjduL0tCa2ttdFh5VTFibzkzamRrR1BDT0VjN09RV1dvVlZtZjd3S0ErSHh0Y3hEOExPTjJYVlFTN2I2S2gxczEKV01Lc1NzSDFBWk5FYXE5R0JDbk8rUT09Ci0tLS0tRU5EIENFUlRJRklDQVRFLS0tLS0K",
                            "master_auth.0.password": "xxxxxxxxxxxxxx16",
                            "master_auth.0.username": "admin",
                            "master_authorized_networks_config.#": "0",
                            "master_version": "1.13.5-gke.10",
                            "min_master_version": "1.13",
                            "monitoring_service": "monitoring.googleapis.com",
                            "name": "k8s-dev-cluster",
                            "network": "projects/vpc2project/global/networks/default",
                            "network_policy.#": "1",
                            "network_policy.0.enabled": "false",
                            "network_policy.0.provider": "PROVIDER_UNSPECIFIED",
                            "node_config.#": "1",
                            "node_config.0.disk_size_gb": "100",
                            "node_config.0.disk_type": "pd-standard",
                            "node_config.0.guest_accelerator.#": "0",
                            "node_config.0.image_type": "COS",
                            "node_config.0.labels.%": "0",
                            "node_config.0.local_ssd_count": "0",
                            "node_config.0.machine_type": "n1-standard-1",
                            "node_config.0.metadata.%": "1",
                            "node_config.0.metadata.disable-legacy-endpoints": "true",
                            "node_config.0.min_cpu_platform": "",
                            "node_config.0.oauth_scopes.#": "7",
                            "node_config.0.oauth_scopes.1277378754": "https://www.googleapis.com/auth/monitoring",
                            "node_config.0.oauth_scopes.1632638332": "https://www.googleapis.com/auth/devstorage.read_only",
                            "node_config.0.oauth_scopes.172152165": "https://www.googleapis.com/auth/logging.write",
                            "node_config.0.oauth_scopes.299962681": "https://www.googleapis.com/auth/compute",
                            "node_config.0.oauth_scopes.316356861": "https://www.googleapis.com/auth/service.management.readonly",
                            "node_config.0.oauth_scopes.3663490875": "https://www.googleapis.com/auth/servicecontrol",
                            "node_config.0.oauth_scopes.3859019814": "https://www.googleapis.com/auth/trace.append",
                            "node_config.0.preemptible": "false",
                            "node_config.0.service_account": "default",
                            "node_config.0.tags.#": "0",
                            "node_config.0.taint.#": "0",
                            "node_config.0.workload_metadata_config.#": "0",
                            "node_locations.#": "3",
                            "node_locations.114014501": "us-central1-b",
                            "node_locations.1655143457": "us-central1-f",
                            "node_locations.770108134": "us-central1-a",
                            "node_pool.#": "1",
                            "node_pool.0.autoscaling.#": "0",
                            "node_pool.0.initial_node_count": "2",
                            "node_pool.0.instance_group_urls.#": "3",
                            "node_pool.0.instance_group_urls.0": "https://www.googleapis.com/compute/v1/projects/vpc2project/zones/us-central1-b/instanceGroupManagers/gke-k8s-dev-cluster-default-pool-eb18383d-grp",
                            "node_pool.0.instance_group_urls.1": "https://www.googleapis.com/compute/v1/projects/vpc2project/zones/us-central1-f/instanceGroupManagers/gke-k8s-dev-cluster-default-pool-25da8ff8-grp",
                            "node_pool.0.instance_group_urls.2": "https://www.googleapis.com/compute/v1/projects/vpc2project/zones/us-central1-a/instanceGroupManagers/gke-k8s-dev-cluster-default-pool-6c93293d-grp",
                            "node_pool.0.management.#": "1",
                            "node_pool.0.management.0.auto_repair": "false",
                            "node_pool.0.management.0.auto_upgrade": "false",
                            "node_pool.0.max_pods_per_node": "0",
                            "node_pool.0.name": "default-pool",
                            "node_pool.0.name_prefix": "",
                            "node_pool.0.node_config.#": "1",
                            "node_pool.0.node_config.0.disk_size_gb": "100",
                            "node_pool.0.node_config.0.disk_type": "pd-standard",
                            "node_pool.0.node_config.0.guest_accelerator.#": "0",
                            "node_pool.0.node_config.0.image_type": "COS",
                            "node_pool.0.node_config.0.labels.%": "0",
                            "node_pool.0.node_config.0.local_ssd_count": "0",
                            "node_pool.0.node_config.0.machine_type": "n1-standard-1",
                            "node_pool.0.node_config.0.metadata.%": "1",
                            "node_pool.0.node_config.0.metadata.disable-legacy-endpoints": "true",
                            "node_pool.0.node_config.0.min_cpu_platform": "",
                            "node_pool.0.node_config.0.oauth_scopes.#": "7",
                            "node_pool.0.node_config.0.oauth_scopes.1277378754": "https://www.googleapis.com/auth/monitoring",
                            "node_pool.0.node_config.0.oauth_scopes.1632638332": "https://www.googleapis.com/auth/devstorage.read_only",
                            "node_pool.0.node_config.0.oauth_scopes.172152165": "https://www.googleapis.com/auth/logging.write",
                            "node_pool.0.node_config.0.oauth_scopes.299962681": "https://www.googleapis.com/auth/compute",
                            "node_pool.0.node_config.0.oauth_scopes.316356861": "https://www.googleapis.com/auth/service.management.readonly",
                            "node_pool.0.node_config.0.oauth_scopes.3663490875": "https://www.googleapis.com/auth/servicecontrol",
                            "node_pool.0.node_config.0.oauth_scopes.3859019814": "https://www.googleapis.com/auth/trace.append",
                            "node_pool.0.node_config.0.preemptible": "false",
                            "node_pool.0.node_config.0.service_account": "default",
                            "node_pool.0.node_config.0.tags.#": "0",
                            "node_pool.0.node_config.0.taint.#": "0",
                            "node_pool.0.node_config.0.workload_metadata_config.#": "0",
                            "node_pool.0.node_count": "2",
                            "node_pool.0.version": "1.13.5-gke.10",
                            "node_version": "1.13.5-gke.10",
                            "private_cluster_config.#": "0",
                            "project": "vpc2project",
                            "region": "us-central1",
                            "resource_labels.%": "0",
                            "subnetwork": "projects/vpc2project/regions/us-central1/subnetworks/default"
                        },
                        "meta": {
                            "e2bfb730-ecaa-11e6-8f88-34363bc7c4c0": {
                                "create": 1800000000000,
                                "delete": 1800000000000,
                                "update": 1800000000000
                            },
                            "schema_version": "1"
                        },
                        "tainted": false
                    },
                    "deposed": [],
                    "provider": "module.gke.provider.google"
                }
            },
            "depends_on": []
        },
        {
            "path": [
                "root",
                "jypiter"
            ],
            "outputs": {},
            "resources": {
                "kubernetes_config_map.jupyter_configmap": {
                    "type": "kubernetes_config_map",
                    "depends_on": [],
                    "primary": {
                        "id": "default/jupyter-configmap",
                        "attributes": {
                            "data.%": "2",
                            "data.default-notebook.ipynb": "{\n \"cells\": [\n  {\n   \"cell_type\": \"code\",\n   \"execution_count\": null,\n   \"metadata\": {},\n   \"outputs\": [],\n   \"source\": [\n    \"import requests\\n\",\n    \"import json\\n\",\n    \"import ipywidgets as widgets\\n\",\n    \"import pandas as pd\\n\",\n    \"import numpy as np\\n\",\n    \"import matplotlib.pyplot as plt\\n\",\n    \"import ipywidgets as widgets\\n\",\n    \"import re\\n\",\n    \"from datetime import datetime\\n\",\n    \"from pandas.plotting import register_matplotlib_converters\\n\",\n    \"\\n\",\n    \"register_matplotlib_converters()\\n\",\n    \"\\n\",\n    \"from IPython.display import clear_output\\n\",\n    \"\\n\",\n    \"\\n\",\n    \"def cities(msg):\\n\",\n    \"    citylist = {\\\"Kyiv\\\": 709930,\\n\",\n    \"                \\\"Odessa\\\": 698740,\\n\",\n    \"                \\\"Lviv\\\": 702550,\\n\",\n    \"                \\\"Kharkiv\\\": 706483,\\n\",\n    \"                \\\"Dnipro\\\": 709930,\\n\",\n    \"                \\\"Ivano-Frankivsk\\\": 707471,\\n\",\n    \"                \\\"Chernivtsi\\\": 710719,\\n\",\n    \"                \\\"Vinnytsia\\\": 689558,\\n\",\n    \"                \\\"Kriviy Rih\\\": 703845,\\n\",\n    \"                \\\"Uzhhorod\\\": 690548\\n\",\n    \"                }\\n\",\n    \"    return citylist[msg]\\n\",\n    \"\\n\",\n    \"\\n\",\n    \"def avaibledata(msg):\\n\",\n    \"    datalist = {\\\"Wind speed, m/s\\\": 'wind.speed',\\n\",\n    \"                \\\"Temperature, Celsius\\\": 'main.temp',\\n\",\n    \"                \\\"Humidity, %\\\": 'main.humidity',\\n\",\n    \"                \\\"Clouds, %\\\": 'clouds.all',\\n\",\n    \"                \\\"Pressure, mmHg\\\": \\\"main.pressure\\\"\\n\",\n    \"                }\\n\",\n    \"    return datalist[msg]\\n\",\n    \"# code which refers to vizualization\\n\",\n    \"def graph(msg, x_time, y_value, y_label):\\n\",\n    \"    fig, ax = plt.subplots(figsize=(18, 6))\\n\",\n    \"    plt.grid(True)\\n\",\n    \"    #Changes for a better vizualisation\\n\",\n    \"    bottom_y = min(y_value)\\n\",\n    \"    top_y = max(y_value)\\n\",\n    \"    k = abs(top_y/bottom_y)/10\\n\",\n    \"    if top_y \u003e 700: k = -10\\n\",\n    \"    #print(\\\"k=\\\", k)\\n\",\n    \"\\n\",\n    \"    if bottom_y \u003c= 0:\\n\",\n    \"        bottom_y = bottom_y*1.02 - k\\n\",\n    \"    else:\\n\",\n    \"        bottom_y = bottom_y/1.02 - k\\n\",\n    \"\\n\",\n    \"    if top_y \u003c= 0:\\n\",\n    \"        top_y = top_y/1.02 + k\\n\",\n    \"    else:\\n\",\n    \"        top_y = top_y*1.02 + k\\n\",\n    \"\\n\",\n    \"    ax.set_ylim(bottom=bottom_y, top=top_y)\\n\",\n    \"\\n\",\n    \"    if msg==\\\"Plot\\\":\\n\",\n    \"        ax.plot(x_time, y_value)\\n\",\n    \"    else:\\n\",\n    \"        ax.bar(x_time, y_value, width=0.01)\\n\",\n    \"\\n\",\n    \"    plt.xlabel('Date, time')\\n\",\n    \"    plt.ylabel(y_label)\\n\",\n    \"    plt.title(msg)\\n\",\n    \"    return\\n\",\n    \"\\n\",\n    \"%matplotlib inline\\n\",\n    \"\\n\",\n    \"button = widgets.Button(description=\\\"Draw graph\\\")\\n\",\n    \"display(button)\\n\",\n    \"out = widgets.Output()\\n\",\n    \"city = widgets.Dropdown(\\n\",\n    \"    options=[\\\"Kyiv\\\", \\\"Odessa\\\", \\\"Lviv\\\", \\\"Kharkiv\\\", \\\"Dnipro\\\", \\\"Ivano-Frankivsk\\\", \\\"Chernivtsi\\\",\\n\",\n    \"             \\\"Vinnytsia\\\", \\\"Kriviy Rih\\\", \\\"Uzhhorod\\\"],\\n\",\n    \"    value=\\\"Kyiv\\\",\\n\",\n    \"    description='Cities:',\\n\",\n    \"    disabled=False,\\n\",\n    \")\\n\",\n    \"\\n\",\n    \"type_data = widgets.Dropdown(\\n\",\n    \"    options=[\\\"Wind speed, m/s\\\", \\\"Temperature, Celsius\\\", \\\"Humidity, %\\\", \\\"Clouds, %\\\", \\\"Pressure, mmHg\\\"],\\n\",\n    \"    value='Temperature, Celsius',\\n\",\n    \"    description='Data:',\\n\",\n    \"    disabled=False,\\n\",\n    \")\\n\",\n    \"\\n\",\n    \"date_from = widgets.Text(\\n\",\n    \"    value='2019-03-10 22:58:54',\\n\",\n    \"    placeholder='Type here',\\n\",\n    \"    description='Date from:',\\n\",\n    \"    disabled=False\\n\",\n    \")\\n\",\n    \"\\n\",\n    \"date_to = widgets.Text(\\n\",\n    \"    value='2019-04-08 22:58:54',\\n\",\n    \"    placeholder='Type here',\\n\",\n    \"    description='Date to:',\\n\",\n    \"    disabled=False\\n\",\n    \")\\n\",\n    \"\\n\",\n    \"type_graph = widgets.Dropdown(\\n\",\n    \"    options=[\\\"Bars\\\", \\\"Plot\\\"],\\n\",\n    \"    value='Bars',\\n\",\n    \"    description='Visualization',\\n\",\n    \"    disabled=False,\\n\",\n    \")\\n\",\n    \"display(city, type_data, date_from, date_to, type_graph)\\n\",\n    \"\\n\",\n    \"\\n\",\n    \"def click_button(b):\\n\",\n    \"    city_id = cities(city.value)\\n\",\n    \"    arg = {\\\"req\\\": 1,\\n\",\n    \"           \\\"id\\\": city_id,\\n\",\n    \"           \\\"data\\\": avaibledata(type_data.value),\\n\",\n    \"           \\\"time_min\\\": date_from.value,\\n\",\n    \"           \\\"time_max\\\": date_to.value}\\n\",\n    \"    r = requests.post('https://%REGION%-%PROJECT%.cloudfunctions.net/getFromDB', data=json.dumps(arg))\\n\",\n    \"\\n\",\n    \"    tempdate = r.json()[0]#array which consist of time values\\n\",\n    \"    x_time = []\\n\",\n    \"    for i in tempdate:\\n\",\n    \"        x_time.append(datetime.fromtimestamp(i))\\n\",\n    \"    y_value = r.json()[1]#array which consist of data values\\n\",\n    \"    y_label = str(type_data.value)\\n\",\n    \"    if y_label == \\\"Temperature, Celsius\\\":\\n\",\n    \"        for i in range(len(y_value)):\\n\",\n    \"            y_value[i] -= 273\\n\",\n    \"    if y_label == \\\"Pressure, mmHg\\\":\\n\",\n    \"        for i in range(len(y_value)):\\n\",\n    \"            y_value[i] = y_value[i] * 100 / 133.32\\n\",\n    \"\\n\",\n    \"    graph(str(type_graph.value), x_time, y_value, y_label)\\n\",\n    \"\\n\",\n    \"button.on_click(click_button)\\n\",\n    \"\\n\",\n    \"# clear_output()\"\n   ]\n  }\n ],\n \"metadata\": {\n  \"kernelspec\": {\n   \"display_name\": \"Python 3\",\n   \"language\": \"python\",\n   \"name\": \"python3\"\n  },\n  \"language_info\": {\n   \"codemirror_mode\": {\n    \"name\": \"ipython\",\n    \"version\": 3\n   },\n   \"file_extension\": \".py\",\n   \"mimetype\": \"text/x-python\",\n   \"name\": \"python\",\n   \"nbconvert_exporter\": \"python\",\n   \"pygments_lexer\": \"ipython3\",\n   \"version\": \"3.7.3\"\n  }\n },\n \"nbformat\": 4,\n \"nbformat_minor\": 2\n}",
                            "data.tensorflow.ipynb": "{\n \"cells\": [\n  {\n   \"cell_type\": \"code\",\n   \"execution_count\": 3,\n   \"metadata\": {},\n   \"outputs\": [\n    {\n     \"data\": {\n      \"application/vnd.jupyter.widget-view+json\": {\n       \"model_id\": \"eaff95930ab5458cabbfdda37a6af9e6\",\n       \"version_major\": 2,\n       \"version_minor\": 0\n      },\n      \"text/plain\": [\n       \"Button(description='Show prediction', style=ButtonStyle())\"\n      ]\n     },\n     \"metadata\": {},\n     \"output_type\": \"display_data\"\n    },\n    {\n     \"data\": {\n      \"application/vnd.jupyter.widget-view+json\": {\n       \"model_id\": \"dfec2708e46f40768e0ca5e85569beb1\",\n       \"version_major\": 2,\n       \"version_minor\": 0\n      },\n      \"text/plain\": [\n       \"Dropdown(description='Cities:', options=('Kyiv', 'Odessa', 'Lviv', 'Kharkiv', 'Dnipro', 'Ivano-Frankivsk', 'Ch…\"\n      ]\n     },\n     \"metadata\": {},\n     \"output_type\": \"display_data\"\n    },\n    {\n     \"data\": {\n      \"application/vnd.jupyter.widget-view+json\": {\n       \"model_id\": \"212d336e43a646dcaeb95e3dc0f018a2\",\n       \"version_major\": 2,\n       \"version_minor\": 0\n      },\n      \"text/plain\": [\n       \"Button(description='Test predictions', style=ButtonStyle())\"\n      ]\n     },\n     \"metadata\": {},\n     \"output_type\": \"display_data\"\n    }\n   ],\n   \"source\": [\n    \"import requests\\n\",\n    \"import json\\n\",\n    \"import ipywidgets as widgets\\n\",\n    \"import matplotlib.pyplot as plt\\n\",\n    \"import ipywidgets as widgets\\n\",\n    \"\\n\",\n    \"\\n\",\n    \"%matplotlib inline\\n\",\n    \"\\n\",\n    \"button = widgets.Button(description=\\\"Show prediction\\\")\\n\",\n    \"display(button)\\n\",\n    \"out = widgets.Output()\\n\",\n    \"city = widgets.Dropdown(\\n\",\n    \"    options=[\\\"Kyiv\\\", \\\"Odessa\\\", \\\"Lviv\\\", \\\"Kharkiv\\\", \\\"Dnipro\\\", \\\"Ivano-Frankivsk\\\", \\\"Chernivtsi\\\",\\n\",\n    \"             \\\"Vinnytsia\\\", \\\"Kriviy Rih\\\", \\\"Uzhhorod\\\"],\\n\",\n    \"    value=\\\"Kyiv\\\",\\n\",\n    \"    description='Cities:',\\n\",\n    \"    disabled=False,\\n\",\n    \")\\n\",\n    \"\\n\",\n    \"\\n\",\n    \"display(city)\\n\",\n    \"\\n\",\n    \"\\n\",\n    \"def click_button(c):\\n\",\n    \"\\n\",\n    \"    arg = city.value\\n\",\n    \"\\n\",\n    \"    r = requests.post('https://%REGION%-%PROJECT%.cloudfunctions.net/getPredictions', data=arg)\\n\",\n    \"    pred = json.loads(r.content.decode(\\\"utf-8\\\"))\\n\",\n    \"    print(\\\"Prediction mean temperature for tomorrow in {0} {1} Celsius degree\\\".format(arg, pred[arg]))\\n\",\n    \"\\n\",\n    \"button.on_click(click_button)\\n\",\n    \"\\n\",\n    \"\\n\",\n    \"button = widgets.Button(description=\\\"Test predictions\\\")\\n\",\n    \"display(button)\\n\",\n    \"out = widgets.Output()\\n\",\n    \"\\n\",\n    \"\\n\",\n    \"def click_button(d):\\n\",\n    \"\\n\",\n    \"    arg = \\\"test\\\"\\n\",\n    \"\\n\",\n    \"    r = requests.post('https://%REGION%-%PROJECT%.cloudfunctions.net/getPredictions', data=arg)\\n\",\n    \"    demo_data = json.loads(r.content.decode(\\\"utf-8\\\"))\\n\",\n    \"    \\n\",\n    \"    warmup_steps = 20\\n\",\n    \"\\n\",\n    \"    # Get the output-signal predicted by the model.\\n\",\n    \"    signal_pred = demo_data[\\\"pred_data\\\"][:100]\\n\",\n    \"\\n\",\n    \"    # Get the true output-signal from the data-set.\\n\",\n    \"    signal_true = demo_data[\\\"test_data\\\"][:100]\\n\",\n    \"\\n\",\n    \"    # Make the plotting-canvas bigger.\\n\",\n    \"    plt.figure(figsize=(15,5))\\n\",\n    \"\\n\",\n    \"    # Plot and compare the two signals.\\n\",\n    \"    plt.plot(signal_true, label='true')\\n\",\n    \"    plt.plot(signal_pred, label='pred')\\n\",\n    \"\\n\",\n    \"    # Plot grey box for warmup-period.\\n\",\n    \"    p = plt.axvspan(0, warmup_steps, facecolor='black', alpha=0.15)\\n\",\n    \"\\n\",\n    \"    # Plot labels etc.\\n\",\n    \"    plt.ylabel(\\\"temp\\\")\\n\",\n    \"    plt.legend()\\n\",\n    \"    plt.show()\\n\",\n    \"\\n\",\n    \"button.on_click(click_button)\"\n   ]\n  },\n  {\n   \"cell_type\": \"code\",\n   \"execution_count\": null,\n   \"metadata\": {},\n   \"outputs\": [],\n   \"source\": []\n  }\n ],\n \"metadata\": {\n  \"kernelspec\": {\n   \"display_name\": \"Python 3\",\n   \"language\": \"python\",\n   \"name\": \"python3\"\n  },\n  \"language_info\": {\n   \"codemirror_mode\": {\n    \"name\": \"ipython\",\n    \"version\": 3\n   },\n   \"file_extension\": \".py\",\n   \"mimetype\": \"text/x-python\",\n   \"name\": \"python\",\n   \"nbconvert_exporter\": \"python\",\n   \"pygments_lexer\": \"ipython3\",\n   \"version\": \"3.7.3\"\n  }\n },\n \"nbformat\": 4,\n \"nbformat_minor\": 2\n}\n",
                            "id": "default/jupyter-configmap",
                            "metadata.#": "1",
                            "metadata.0.annotations.%": "0",
                            "metadata.0.generate_name": "",
                            "metadata.0.generation": "0",
                            "metadata.0.labels.%": "0",
                            "metadata.0.name": "jupyter-configmap",
                            "metadata.0.namespace": "default",
                            "metadata.0.resource_version": "349326",
                            "metadata.0.self_link": "/api/v1/namespaces/default/configmaps/jupyter-configmap",
                            "metadata.0.uid": "dacdb1a1-7cbc-11e9-ad1a-42010a8000bd"
                        },
                        "meta": {},
                        "tainted": false
                    },
                    "deposed": [],
                    "provider": "module.jypiter.provider.kubernetes"
                },
                "kubernetes_deployment.jupyter-notebook": {
                    "type": "kubernetes_deployment",
                    "depends_on": [
                        "kubernetes_config_map.jupyter_configmap"
                    ],
                    "primary": {
                        "id": "default/jupyter-notebook",
                        "attributes": {
                            "id": "default/jupyter-notebook",
                            "metadata.#": "1",
                            "metadata.0.annotations.%": "0",
                            "metadata.0.generate_name": "",
                            "metadata.0.generation": "3",
                            "metadata.0.labels.%": "3",
                            "metadata.0.labels.app": "jupyter-notebook",
                            "metadata.0.labels.role": "master",
                            "metadata.0.labels.tier": "backend",
                            "metadata.0.name": "jupyter-notebook",
                            "metadata.0.namespace": "default",
                            "metadata.0.resource_version": "350114",
                            "metadata.0.self_link": "/apis/apps/v1/namespaces/default/deployments/jupyter-notebook",
                            "metadata.0.uid": "db2f5aa7-7cbc-11e9-ad1a-42010a8000bd",
                            "spec.#": "1",
                            "spec.0.min_ready_seconds": "0",
                            "spec.0.paused": "false",
                            "spec.0.progress_deadline_seconds": "600",
                            "spec.0.replicas": "1",
                            "spec.0.revision_history_limit": "10",
                            "spec.0.selector.#": "1",
                            "spec.0.selector.0.match_expressions.#": "0",
                            "spec.0.selector.0.match_labels.%": "3",
                            "spec.0.selector.0.match_labels.app": "jupyter-notebook",
                            "spec.0.selector.0.match_labels.role": "master",
                            "spec.0.selector.0.match_labels.tier": "backend",
                            "spec.0.strategy.#": "1",
                            "spec.0.strategy.0.rolling_update.#": "1",
                            "spec.0.strategy.0.rolling_update.0.max_surge": "25%",
                            "spec.0.strategy.0.rolling_update.0.max_unavailable": "25%",
                            "spec.0.strategy.0.type": "RollingUpdate",
                            "spec.0.template.#": "1",
                            "spec.0.template.0.metadata.#": "1",
                            "spec.0.template.0.metadata.0.annotations.%": "0",
                            "spec.0.template.0.metadata.0.generate_name": "",
                            "spec.0.template.0.metadata.0.generation": "0",
                            "spec.0.template.0.metadata.0.labels.%": "3",
                            "spec.0.template.0.metadata.0.labels.app": "jupyter-notebook",
                            "spec.0.template.0.metadata.0.labels.role": "master",
                            "spec.0.template.0.metadata.0.labels.tier": "backend",
                            "spec.0.template.0.metadata.0.name": "",
                            "spec.0.template.0.metadata.0.namespace": "default",
                            "spec.0.template.0.metadata.0.resource_version": "",
                            "spec.0.template.0.metadata.0.self_link": "",
                            "spec.0.template.0.metadata.0.uid": "",
                            "spec.0.template.0.spec.#": "1",
                            "spec.0.template.0.spec.0.active_deadline_seconds": "0",
                            "spec.0.template.0.spec.0.container.#": "1",
                            "spec.0.template.0.spec.0.container.0.args.#": "2",
                            "spec.0.template.0.spec.0.container.0.args.0": "--NotebookApp.base_url='/jupyterx'",
                            "spec.0.template.0.spec.0.container.0.args.1": "--NotebookApp.token='12345'",
                            "spec.0.template.0.spec.0.container.0.command.#": "1",
                            "spec.0.template.0.spec.0.container.0.command.0": "start-notebook.sh",
                            "spec.0.template.0.spec.0.container.0.env.#": "0",
                            "spec.0.template.0.spec.0.container.0.env_from.#": "0",
                            "spec.0.template.0.spec.0.container.0.image": "jupyter/all-spark-notebook",
                            "spec.0.template.0.spec.0.container.0.image_pull_policy": "Always",
                            "spec.0.template.0.spec.0.container.0.lifecycle.#": "0",
                            "spec.0.template.0.spec.0.container.0.liveness_probe.#": "0",
                            "spec.0.template.0.spec.0.container.0.name": "minimal-notebook",
                            "spec.0.template.0.spec.0.container.0.port.#": "1",
                            "spec.0.template.0.spec.0.container.0.port.0.container_port": "8888",
                            "spec.0.template.0.spec.0.container.0.port.0.host_ip": "",
                            "spec.0.template.0.spec.0.container.0.port.0.host_port": "0",
                            "spec.0.template.0.spec.0.container.0.port.0.name": "",
                            "spec.0.template.0.spec.0.container.0.port.0.protocol": "TCP",
                            "spec.0.template.0.spec.0.container.0.readiness_probe.#": "0",
                            "spec.0.template.0.spec.0.container.0.resources.#": "1",
                            "spec.0.template.0.spec.0.container.0.resources.0.limits.#": "0",
                            "spec.0.template.0.spec.0.container.0.resources.0.requests.#": "1",
                            "spec.0.template.0.spec.0.container.0.resources.0.requests.0.cpu": "100m",
                            "spec.0.template.0.spec.0.container.0.resources.0.requests.0.memory": "100Mi",
                            "spec.0.template.0.spec.0.container.0.security_context.#": "0",
                            "spec.0.template.0.spec.0.container.0.stdin": "false",
                            "spec.0.template.0.spec.0.container.0.stdin_once": "false",
                            "spec.0.template.0.spec.0.container.0.termination_message_path": "/dev/termination-log",
                            "spec.0.template.0.spec.0.container.0.tty": "false",
                            "spec.0.template.0.spec.0.container.0.volume_mount.#": "1",
                            "spec.0.template.0.spec.0.container.0.volume_mount.0.mount_path": "/home/jovyan/work",
                            "spec.0.template.0.spec.0.container.0.volume_mount.0.name": "myfiles",
                            "spec.0.template.0.spec.0.container.0.volume_mount.0.read_only": "false",
                            "spec.0.template.0.spec.0.container.0.volume_mount.0.sub_path": "",
                            "spec.0.template.0.spec.0.container.0.working_dir": "",
                            "spec.0.template.0.spec.0.dns_config.#": "0",
                            "spec.0.template.0.spec.0.dns_policy": "ClusterFirst",
                            "spec.0.template.0.spec.0.host_aliases.#": "0",
                            "spec.0.template.0.spec.0.host_ipc": "false",
                            "spec.0.template.0.spec.0.host_network": "false",
                            "spec.0.template.0.spec.0.host_pid": "false",
                            "spec.0.template.0.spec.0.hostname": "",
                            "spec.0.template.0.spec.0.image_pull_secrets.#": "0",
                            "spec.0.template.0.spec.0.init_container.#": "1",
                            "spec.0.template.0.spec.0.init_container.0.args.#": "0",
                            "spec.0.template.0.spec.0.init_container.0.command.#": "3",
                            "spec.0.template.0.spec.0.init_container.0.command.0": "bash",
                            "spec.0.template.0.spec.0.init_container.0.command.1": "-c",
                            "spec.0.template.0.spec.0.init_container.0.command.2": "sed -e \"s;%REGION%;us-central1;g\" -e \"s;%PROJECT%;vpc2project;g\" /media/default-notebook.ipynb \u003e /home/jovyan/work/default-notebook.ipynb \u0026\u0026 chmod a+w /home/jovyan/work/default-notebook.ipynb \u0026\u0026 sed -e \"s;%REGION%;us-central1;g\" -e \"s;%PROJECT%;vpc2project;g\" /media/tensorflow.ipynb \u003e /home/jovyan/work/tensorflow.ipynb \u0026\u0026 chmod a+w /home/jovyan/work/tensorflow.ipynb",
                            "spec.0.template.0.spec.0.init_container.0.env.#": "0",
                            "spec.0.template.0.spec.0.init_container.0.env_from.#": "0",
                            "spec.0.template.0.spec.0.init_container.0.image": "jupyter/all-spark-notebook",
                            "spec.0.template.0.spec.0.init_container.0.image_pull_policy": "Always",
                            "spec.0.template.0.spec.0.init_container.0.lifecycle.#": "0",
                            "spec.0.template.0.spec.0.init_container.0.liveness_probe.#": "0",
                            "spec.0.template.0.spec.0.init_container.0.name": "init-jupyter",
                            "spec.0.template.0.spec.0.init_container.0.port.#": "0",
                            "spec.0.template.0.spec.0.init_container.0.readiness_probe.#": "0",
                            "spec.0.template.0.spec.0.init_container.0.resources.#": "1",
                            "spec.0.template.0.spec.0.init_container.0.security_context.#": "0",
                            "spec.0.template.0.spec.0.init_container.0.stdin": "false",
                            "spec.0.template.0.spec.0.init_container.0.stdin_once": "false",
                            "spec.0.template.0.spec.0.init_container.0.termination_message_path": "/dev/termination-log",
                            "spec.0.template.0.spec.0.init_container.0.tty": "false",
                            "spec.0.template.0.spec.0.init_container.0.volume_mount.#": "2",
                            "spec.0.template.0.spec.0.init_container.0.volume_mount.0.mount_path": "/media",
                            "spec.0.template.0.spec.0.init_container.0.volume_mount.0.name": "jupyter-configmap",
                            "spec.0.template.0.spec.0.init_container.0.volume_mount.0.read_only": "false",
                            "spec.0.template.0.spec.0.init_container.0.volume_mount.0.sub_path": "",
                            "spec.0.template.0.spec.0.init_container.0.volume_mount.1.mount_path": "/home/jovyan/work",
                            "spec.0.template.0.spec.0.init_container.0.volume_mount.1.name": "myfiles",
                            "spec.0.template.0.spec.0.init_container.0.volume_mount.1.read_only": "false",
                            "spec.0.template.0.spec.0.init_container.0.volume_mount.1.sub_path": "",
                            "spec.0.template.0.spec.0.init_container.0.working_dir": "",
                            "spec.0.template.0.spec.0.node_name": "",
                            "spec.0.template.0.spec.0.node_selector.%": "0",
                            "spec.0.template.0.spec.0.restart_policy": "Always",
                            "spec.0.template.0.spec.0.security_context.#": "1",
                            "spec.0.template.0.spec.0.security_context.0.fs_group": "100",
                            "spec.0.template.0.spec.0.security_context.0.run_as_non_root": "false",
                            "spec.0.template.0.spec.0.security_context.0.run_as_user": "0",
                            "spec.0.template.0.spec.0.security_context.0.se_linux_options.#": "0",
                            "spec.0.template.0.spec.0.security_context.0.supplemental_groups.#": "0",
                            "spec.0.template.0.spec.0.service_account_name": "",
                            "spec.0.template.0.spec.0.subdomain": "",
                            "spec.0.template.0.spec.0.termination_grace_period_seconds": "30",
                            "spec.0.template.0.spec.0.volume.#": "2",
                            "spec.0.template.0.spec.0.volume.0.aws_elastic_block_store.#": "0",
                            "spec.0.template.0.spec.0.volume.0.azure_disk.#": "0",
                            "spec.0.template.0.spec.0.volume.0.azure_file.#": "0",
                            "spec.0.template.0.spec.0.volume.0.ceph_fs.#": "0",
                            "spec.0.template.0.spec.0.volume.0.cinder.#": "0",
                            "spec.0.template.0.spec.0.volume.0.config_map.#": "1",
                            "spec.0.template.0.spec.0.volume.0.config_map.0.default_mode": "0644",
                            "spec.0.template.0.spec.0.volume.0.config_map.0.items.#": "0",
                            "spec.0.template.0.spec.0.volume.0.config_map.0.name": "jupyter-configmap",
                            "spec.0.template.0.spec.0.volume.0.downward_api.#": "0",
                            "spec.0.template.0.spec.0.volume.0.empty_dir.#": "0",
                            "spec.0.template.0.spec.0.volume.0.fc.#": "0",
                            "spec.0.template.0.spec.0.volume.0.flex_volume.#": "0",
                            "spec.0.template.0.spec.0.volume.0.flocker.#": "0",
                            "spec.0.template.0.spec.0.volume.0.gce_persistent_disk.#": "0",
                            "spec.0.template.0.spec.0.volume.0.git_repo.#": "0",
                            "spec.0.template.0.spec.0.volume.0.glusterfs.#": "0",
                            "spec.0.template.0.spec.0.volume.0.host_path.#": "0",
                            "spec.0.template.0.spec.0.volume.0.iscsi.#": "0",
                            "spec.0.template.0.spec.0.volume.0.local.#": "0",
                            "spec.0.template.0.spec.0.volume.0.name": "jupyter-configmap",
                            "spec.0.template.0.spec.0.volume.0.nfs.#": "0",
                            "spec.0.template.0.spec.0.volume.0.persistent_volume_claim.#": "0",
                            "spec.0.template.0.spec.0.volume.0.photon_persistent_disk.#": "0",
                            "spec.0.template.0.spec.0.volume.0.quobyte.#": "0",
                            "spec.0.template.0.spec.0.volume.0.rbd.#": "0",
                            "spec.0.template.0.spec.0.volume.0.secret.#": "0",
                            "spec.0.template.0.spec.0.volume.0.vsphere_volume.#": "0",
                            "spec.0.template.0.spec.0.volume.1.aws_elastic_block_store.#": "0",
                            "spec.0.template.0.spec.0.volume.1.azure_disk.#": "0",
                            "spec.0.template.0.spec.0.volume.1.azure_file.#": "0",
                            "spec.0.template.0.spec.0.volume.1.ceph_fs.#": "0",
                            "spec.0.template.0.spec.0.volume.1.cinder.#": "0",
                            "spec.0.template.0.spec.0.volume.1.config_map.#": "0",
                            "spec.0.template.0.spec.0.volume.1.downward_api.#": "0",
                            "spec.0.template.0.spec.0.volume.1.empty_dir.#": "1",
                            "spec.0.template.0.spec.0.volume.1.empty_dir.0.medium": "",
                            "spec.0.template.0.spec.0.volume.1.fc.#": "0",
                            "spec.0.template.0.spec.0.volume.1.flex_volume.#": "0",
                            "spec.0.template.0.spec.0.volume.1.flocker.#": "0",
                            "spec.0.template.0.spec.0.volume.1.gce_persistent_disk.#": "0",
                            "spec.0.template.0.spec.0.volume.1.git_repo.#": "0",
                            "spec.0.template.0.spec.0.volume.1.glusterfs.#": "0",
                            "spec.0.template.0.spec.0.volume.1.host_path.#": "0",
                            "spec.0.template.0.spec.0.volume.1.iscsi.#": "0",
                            "spec.0.template.0.spec.0.volume.1.local.#": "0",
                            "spec.0.template.0.spec.0.volume.1.name": "myfiles",
                            "spec.0.template.0.spec.0.volume.1.nfs.#": "0",
                            "spec.0.template.0.spec.0.volume.1.persistent_volume_claim.#": "0",
                            "spec.0.template.0.spec.0.volume.1.photon_persistent_disk.#": "0",
                            "spec.0.template.0.spec.0.volume.1.quobyte.#": "0",
                            "spec.0.template.0.spec.0.volume.1.rbd.#": "0",
                            "spec.0.template.0.spec.0.volume.1.secret.#": "0",
                            "spec.0.template.0.spec.0.volume.1.vsphere_volume.#": "0"
                        },
                        "meta": {
                            "e2bfb730-ecaa-11e6-8f88-34363bc7c4c0": {
                                "create": 600000000000,
                                "delete": 600000000000,
                                "update": 600000000000
                            }
                        },
                        "tainted": false
                    },
                    "deposed": [],
                    "provider": "module.jypiter.provider.kubernetes"
                },
                "kubernetes_persistent_volume_claim.custom-files": {
                    "type": "kubernetes_persistent_volume_claim",
                    "depends_on": [],
                    "primary": {
                        "id": "default/custom-files",
                        "attributes": {
                            "id": "default/custom-files",
                            "metadata.#": "1",
                            "metadata.0.annotations.%": "0",
                            "metadata.0.generate_name": "",
                            "metadata.0.generation": "0",
                            "metadata.0.labels.%": "0",
                            "metadata.0.name": "custom-files",
                            "metadata.0.namespace": "default",
                            "metadata.0.resource_version": "1299",
                            "metadata.0.self_link": "/api/v1/namespaces/default/persistentvolumeclaims/custom-files",
                            "metadata.0.uid": "dace4fad-7cbc-11e9-ad1a-42010a8000bd",
                            "spec.#": "1",
                            "spec.0.access_modes.#": "1",
                            "spec.0.access_modes.1245328686": "ReadWriteOnce",
                            "spec.0.resources.#": "1",
                            "spec.0.resources.0.limits.%": "0",
                            "spec.0.resources.0.requests.%": "1",
                            "spec.0.resources.0.requests.storage": "2Gi",
                            "spec.0.selector.#": "0",
                            "spec.0.storage_class_name": "standard",
                            "spec.0.volume_name": "pvc-dace4fad-7cbc-11e9-ad1a-42010a8000bd",
                            "wait_until_bound": "true"
                        },
                        "meta": {
                            "e2bfb730-ecaa-11e6-8f88-34363bc7c4c0": {
                                "create": 300000000000
                            }
                        },
                        "tainted": false
                    },
                    "deposed": [],
                    "provider": "module.jypiter.provider.kubernetes"
                },
                "kubernetes_service.jupyter-service": {
                    "type": "kubernetes_service",
                    "depends_on": [],
                    "primary": {
                        "id": "default/jupyter-service",
                        "attributes": {
                            "id": "default/jupyter-service",
                            "load_balancer_ingress.#": "0",
                            "metadata.#": "1",
                            "metadata.0.annotations.%": "0",
                            "metadata.0.generate_name": "",
                            "metadata.0.generation": "0",
                            "metadata.0.labels.%": "3",
                            "metadata.0.labels.app": "jupyter-notebook",
                            "metadata.0.labels.role": "master",
                            "metadata.0.labels.tier": "backend",
                            "metadata.0.name": "jupyter-service",
                            "metadata.0.namespace": "default",
                            "metadata.0.resource_version": "1181",
                            "metadata.0.self_link": "/api/v1/namespaces/default/services/jupyter-service",
                            "metadata.0.uid": "dab94c87-7cbc-11e9-ad1a-42010a8000bd",
                            "spec.#": "1",
                            "spec.0.cluster_ip": "10.23.248.16",
                            "spec.0.external_ips.#": "0",
                            "spec.0.external_name": "",
                            "spec.0.load_balancer_ip": "",
                            "spec.0.load_balancer_source_ranges.#": "0",
                            "spec.0.port.#": "1",
                            "spec.0.port.0.name": "",
                            "spec.0.port.0.node_port": "0",
                            "spec.0.port.0.port": "80",
                            "spec.0.port.0.protocol": "TCP",
                            "spec.0.port.0.target_port": "8888",
                            "spec.0.publish_not_ready_addresses": "false",
                            "spec.0.selector.%": "3",
                            "spec.0.selector.app": "jupyter-notebook",
                            "spec.0.selector.role": "master",
                            "spec.0.selector.tier": "backend",
                            "spec.0.session_affinity": "None",
                            "spec.0.type": "ClusterIP"
                        },
                        "meta": {},
                        "tainted": false
                    },
                    "deposed": [],
                    "provider": "module.jypiter.provider.kubernetes"
                }
            },
            "depends_on": []
        },
        {
            "path": [
                "root",
                "mongo"
            ],
            "outputs": {},
            "resources": {
                "kubernetes_deployment.mongo_master": {
                    "type": "kubernetes_deployment",
                    "depends_on": [
                        "kubernetes_namespace.mongo_space"
                    ],
                    "primary": {
                        "id": "mspace/mongo-master",
                        "attributes": {
                            "id": "mspace/mongo-master",
                            "metadata.#": "1",
                            "metadata.0.annotations.%": "0",
                            "metadata.0.generate_name": "",
                            "metadata.0.generation": "1",
                            "metadata.0.labels.%": "3",
                            "metadata.0.labels.app": "mongo",
                            "metadata.0.labels.role": "master",
                            "metadata.0.labels.tier": "backend",
                            "metadata.0.name": "mongo-master",
                            "metadata.0.namespace": "mspace",
                            "metadata.0.resource_version": "1472",
                            "metadata.0.self_link": "/apis/apps/v1/namespaces/mspace/deployments/mongo-master",
                            "metadata.0.uid": "db017856-7cbc-11e9-ad1a-42010a8000bd",
                            "spec.#": "1",
                            "spec.0.min_ready_seconds": "0",
                            "spec.0.paused": "false",
                            "spec.0.progress_deadline_seconds": "600",
                            "spec.0.replicas": "1",
                            "spec.0.revision_history_limit": "10",
                            "spec.0.selector.#": "1",
                            "spec.0.selector.0.match_expressions.#": "0",
                            "spec.0.selector.0.match_labels.%": "3",
                            "spec.0.selector.0.match_labels.app": "mongo",
                            "spec.0.selector.0.match_labels.role": "master",
                            "spec.0.selector.0.match_labels.tier": "backend",
                            "spec.0.strategy.#": "1",
                            "spec.0.strategy.0.rolling_update.#": "1",
                            "spec.0.strategy.0.rolling_update.0.max_surge": "25%",
                            "spec.0.strategy.0.rolling_update.0.max_unavailable": "25%",
                            "spec.0.strategy.0.type": "RollingUpdate",
                            "spec.0.template.#": "1",
                            "spec.0.template.0.metadata.#": "1",
                            "spec.0.template.0.metadata.0.annotations.%": "0",
                            "spec.0.template.0.metadata.0.generate_name": "",
                            "spec.0.template.0.metadata.0.generation": "0",
                            "spec.0.template.0.metadata.0.labels.%": "3",
                            "spec.0.template.0.metadata.0.labels.app": "mongo",
                            "spec.0.template.0.metadata.0.labels.role": "master",
                            "spec.0.template.0.metadata.0.labels.tier": "backend",
                            "spec.0.template.0.metadata.0.name": "",
                            "spec.0.template.0.metadata.0.namespace": "default",
                            "spec.0.template.0.metadata.0.resource_version": "",
                            "spec.0.template.0.metadata.0.self_link": "",
                            "spec.0.template.0.metadata.0.uid": "",
                            "spec.0.template.0.spec.#": "1",
                            "spec.0.template.0.spec.0.active_deadline_seconds": "0",
                            "spec.0.template.0.spec.0.container.#": "2",
                            "spec.0.template.0.spec.0.container.0.args.#": "0",
                            "spec.0.template.0.spec.0.container.0.command.#": "0",
                            "spec.0.template.0.spec.0.container.0.env.#": "4",
                            "spec.0.template.0.spec.0.container.0.env.0.name": "MONGODB_DATABASE",
                            "spec.0.template.0.spec.0.container.0.env.0.value": "mysinoptik",
                            "spec.0.template.0.spec.0.container.0.env.0.value_from.#": "0",
                            "spec.0.template.0.spec.0.container.0.env.1.name": "MONGODB_USERNAME",
                            "spec.0.template.0.spec.0.container.0.env.1.value": "main_admin",
                            "spec.0.template.0.spec.0.container.0.env.1.value_from.#": "0",
                            "spec.0.template.0.spec.0.container.0.env.2.name": "MONGODB_PASSWORD",
                            "spec.0.template.0.spec.0.container.0.env.2.value": "password1",
                            "spec.0.template.0.spec.0.container.0.env.2.value_from.#": "0",
                            "spec.0.template.0.spec.0.container.0.env.3.name": "MONGODB_ROOT_PASSWORD",
                            "spec.0.template.0.spec.0.container.0.env.3.value": "password2",
                            "spec.0.template.0.spec.0.container.0.env.3.value_from.#": "0",
                            "spec.0.template.0.spec.0.container.0.env_from.#": "0",
                            "spec.0.template.0.spec.0.container.0.image": "bitnami/mongodb:latest",
                            "spec.0.template.0.spec.0.container.0.image_pull_policy": "Always",
                            "spec.0.template.0.spec.0.container.0.lifecycle.#": "0",
                            "spec.0.template.0.spec.0.container.0.liveness_probe.#": "0",
                            "spec.0.template.0.spec.0.container.0.name": "master",
                            "spec.0.template.0.spec.0.container.0.port.#": "1",
                            "spec.0.template.0.spec.0.container.0.port.0.container_port": "27017",
                            "spec.0.template.0.spec.0.container.0.port.0.host_ip": "",
                            "spec.0.template.0.spec.0.container.0.port.0.host_port": "0",
                            "spec.0.template.0.spec.0.container.0.port.0.name": "",
                            "spec.0.template.0.spec.0.container.0.port.0.protocol": "TCP",
                            "spec.0.template.0.spec.0.container.0.readiness_probe.#": "0",
                            "spec.0.template.0.spec.0.container.0.resources.#": "1",
                            "spec.0.template.0.spec.0.container.0.resources.0.limits.#": "0",
                            "spec.0.template.0.spec.0.container.0.resources.0.requests.#": "1",
                            "spec.0.template.0.spec.0.container.0.resources.0.requests.0.cpu": "100m",
                            "spec.0.template.0.spec.0.container.0.resources.0.requests.0.memory": "100Mi",
                            "spec.0.template.0.spec.0.container.0.security_context.#": "0",
                            "spec.0.template.0.spec.0.container.0.stdin": "false",
                            "spec.0.template.0.spec.0.container.0.stdin_once": "false",
                            "spec.0.template.0.spec.0.container.0.termination_message_path": "/dev/termination-log",
                            "spec.0.template.0.spec.0.container.0.tty": "false",
                            "spec.0.template.0.spec.0.container.0.volume_mount.#": "0",
                            "spec.0.template.0.spec.0.container.0.working_dir": "",
                            "spec.0.template.0.spec.0.container.1.args.#": "0",
                            "spec.0.template.0.spec.0.container.1.command.#": "3",
                            "spec.0.template.0.spec.0.container.1.command.0": "sh",
                            "spec.0.template.0.spec.0.container.1.command.1": "-c",
                            "spec.0.template.0.spec.0.container.1.command.2": "bin/mongodb_exporter --mongodb.uri mongodb://root:${MONGODB_ROOT_PASSWORD}@localhost:27017/admin",
                            "spec.0.template.0.spec.0.container.1.env.#": "1",
                            "spec.0.template.0.spec.0.container.1.env.0.name": "MONGODB_ROOT_PASSWORD",
                            "spec.0.template.0.spec.0.container.1.env.0.value": "password2",
                            "spec.0.template.0.spec.0.container.1.env.0.value_from.#": "0",
                            "spec.0.template.0.spec.0.container.1.env_from.#": "0",
                            "spec.0.template.0.spec.0.container.1.image": "forekshub/percona-mongodb-exporter:latest",
                            "spec.0.template.0.spec.0.container.1.image_pull_policy": "Always",
                            "spec.0.template.0.spec.0.container.1.lifecycle.#": "0",
                            "spec.0.template.0.spec.0.container.1.liveness_probe.#": "0",
                            "spec.0.template.0.spec.0.container.1.name": "metrics",
                            "spec.0.template.0.spec.0.container.1.port.#": "1",
                            "spec.0.template.0.spec.0.container.1.port.0.container_port": "9216",
                            "spec.0.template.0.spec.0.container.1.port.0.host_ip": "",
                            "spec.0.template.0.spec.0.container.1.port.0.host_port": "0",
                            "spec.0.template.0.spec.0.container.1.port.0.name": "metrics",
                            "spec.0.template.0.spec.0.container.1.port.0.protocol": "TCP",
                            "spec.0.template.0.spec.0.container.1.readiness_probe.#": "0",
                            "spec.0.template.0.spec.0.container.1.resources.#": "1",
                            "spec.0.template.0.spec.0.container.1.security_context.#": "0",
                            "spec.0.template.0.spec.0.container.1.stdin": "false",
                            "spec.0.template.0.spec.0.container.1.stdin_once": "false",
                            "spec.0.template.0.spec.0.container.1.termination_message_path": "/dev/termination-log",
                            "spec.0.template.0.spec.0.container.1.tty": "false",
                            "spec.0.template.0.spec.0.container.1.volume_mount.#": "0",
                            "spec.0.template.0.spec.0.container.1.working_dir": "",
                            "spec.0.template.0.spec.0.dns_config.#": "0",
                            "spec.0.template.0.spec.0.dns_policy": "ClusterFirst",
                            "spec.0.template.0.spec.0.host_aliases.#": "0",
                            "spec.0.template.0.spec.0.host_ipc": "false",
                            "spec.0.template.0.spec.0.host_network": "false",
                            "spec.0.template.0.spec.0.host_pid": "false",
                            "spec.0.template.0.spec.0.hostname": "",
                            "spec.0.template.0.spec.0.image_pull_secrets.#": "0",
                            "spec.0.template.0.spec.0.init_container.#": "0",
                            "spec.0.template.0.spec.0.node_name": "",
                            "spec.0.template.0.spec.0.node_selector.%": "0",
                            "spec.0.template.0.spec.0.restart_policy": "Always",
                            "spec.0.template.0.spec.0.security_context.#": "0",
                            "spec.0.template.0.spec.0.service_account_name": "",
                            "spec.0.template.0.spec.0.subdomain": "",
                            "spec.0.template.0.spec.0.termination_grace_period_seconds": "30",
                            "spec.0.template.0.spec.0.volume.#": "0"
                        },
                        "meta": {
                            "e2bfb730-ecaa-11e6-8f88-34363bc7c4c0": {
                                "create": 600000000000,
                                "delete": 600000000000,
                                "update": 600000000000
                            }
                        },
                        "tainted": false
                    },
                    "deposed": [],
                    "provider": "module.mongo.provider.kubernetes"
                },
                "kubernetes_namespace.mongo_space": {
                    "type": "kubernetes_namespace",
                    "depends_on": [],
                    "primary": {
                        "id": "mspace",
                        "attributes": {
                            "id": "mspace",
                            "metadata.#": "1",
                            "metadata.0.annotations.%": "0",
                            "metadata.0.generate_name": "",
                            "metadata.0.generation": "0",
                            "metadata.0.labels.%": "0",
                            "metadata.0.name": "mspace",
                            "metadata.0.resource_version": "1173",
                            "metadata.0.self_link": "/api/v1/namespaces/mspace",
                            "metadata.0.uid": "dab57832-7cbc-11e9-ad1a-42010a8000bd"
                        },
                        "meta": {},
                        "tainted": false
                    },
                    "deposed": [],
                    "provider": "module.mongo.provider.kubernetes"
                },
                "kubernetes_service.mongo_master": {
                    "type": "kubernetes_service",
                    "depends_on": [
                        "kubernetes_namespace.mongo_space"
                    ],
                    "primary": {
                        "id": "mspace/mongo-master",
                        "attributes": {
                            "id": "mspace/mongo-master",
                            "load_balancer_ingress.#": "1",
                            "load_balancer_ingress.0.hostname": "",
                            "load_balancer_ingress.0.ip": "10.128.0.10",
                            "metadata.#": "1",
                            "metadata.0.annotations.%": "1",
                            "metadata.0.annotations.cloud.google.com/load-balancer-type": "Internal",
                            "metadata.0.generate_name": "",
                            "metadata.0.generation": "0",
                            "metadata.0.labels.%": "3",
                            "metadata.0.labels.app": "mongo",
                            "metadata.0.labels.role": "master",
                            "metadata.0.labels.tier": "backend",
                            "metadata.0.name": "mongo-master",
                            "metadata.0.namespace": "mspace",
                            "metadata.0.resource_version": "12765",
                            "metadata.0.self_link": "/api/v1/namespaces/mspace/services/mongo-master",
                            "metadata.0.uid": "11097935-7cc3-11e9-ad1a-42010a8000bd",
                            "spec.#": "1",
                            "spec.0.cluster_ip": "10.23.255.148",
                            "spec.0.external_ips.#": "0",
                            "spec.0.external_name": "",
                            "spec.0.load_balancer_ip": "10.128.0.10",
                            "spec.0.load_balancer_source_ranges.#": "0",
                            "spec.0.port.#": "1",
                            "spec.0.port.0.name": "",
                            "spec.0.port.0.node_port": "32083",
                            "spec.0.port.0.port": "27017",
                            "spec.0.port.0.protocol": "TCP",
                            "spec.0.port.0.target_port": "27017",
                            "spec.0.publish_not_ready_addresses": "false",
                            "spec.0.selector.%": "3",
                            "spec.0.selector.app": "mongo",
                            "spec.0.selector.role": "master",
                            "spec.0.selector.tier": "backend",
                            "spec.0.session_affinity": "None",
                            "spec.0.type": "LoadBalancer"
                        },
                        "meta": {},
                        "tainted": false
                    },
                    "deposed": [],
                    "provider": "module.mongo.provider.kubernetes"
                }
            },
            "depends_on": []
        },
        {
            "path": [
                "root",
                "redis"
            ],
            "outputs": {},
            "resources": {
                "kubernetes_deployment.redis-master": {
                    "type": "kubernetes_deployment",
                    "depends_on": [
                        "kubernetes_namespace.redis_space"
                    ],
                    "primary": {
                        "id": "rspace/redis-master",
                        "attributes": {
                            "id": "rspace/redis-master",
                            "metadata.#": "1",
                            "metadata.0.annotations.%": "0",
                            "metadata.0.generate_name": "",
                            "metadata.0.generation": "1",
                            "metadata.0.labels.%": "3",
                            "metadata.0.labels.app": "redis",
                            "metadata.0.labels.role": "master",
                            "metadata.0.labels.tier": "backend",
                            "metadata.0.name": "redis-master",
                            "metadata.0.namespace": "rspace",
                            "metadata.0.resource_version": "1644",
                            "metadata.0.self_link": "/apis/apps/v1/namespaces/rspace/deployments/redis-master",
                            "metadata.0.uid": "dae9188c-7cbc-11e9-ad1a-42010a8000bd",
                            "spec.#": "1",
                            "spec.0.min_ready_seconds": "0",
                            "spec.0.paused": "false",
                            "spec.0.progress_deadline_seconds": "600",
                            "spec.0.replicas": "1",
                            "spec.0.revision_history_limit": "10",
                            "spec.0.selector.#": "1",
                            "spec.0.selector.0.match_expressions.#": "0",
                            "spec.0.selector.0.match_labels.%": "3",
                            "spec.0.selector.0.match_labels.app": "redis",
                            "spec.0.selector.0.match_labels.role": "master",
                            "spec.0.selector.0.match_labels.tier": "backend",
                            "spec.0.strategy.#": "1",
                            "spec.0.strategy.0.rolling_update.#": "1",
                            "spec.0.strategy.0.rolling_update.0.max_surge": "25%",
                            "spec.0.strategy.0.rolling_update.0.max_unavailable": "25%",
                            "spec.0.strategy.0.type": "RollingUpdate",
                            "spec.0.template.#": "1",
                            "spec.0.template.0.metadata.#": "1",
                            "spec.0.template.0.metadata.0.annotations.%": "0",
                            "spec.0.template.0.metadata.0.generate_name": "",
                            "spec.0.template.0.metadata.0.generation": "0",
                            "spec.0.template.0.metadata.0.labels.%": "3",
                            "spec.0.template.0.metadata.0.labels.app": "redis",
                            "spec.0.template.0.metadata.0.labels.role": "master",
                            "spec.0.template.0.metadata.0.labels.tier": "backend",
                            "spec.0.template.0.metadata.0.name": "",
                            "spec.0.template.0.metadata.0.namespace": "default",
                            "spec.0.template.0.metadata.0.resource_version": "",
                            "spec.0.template.0.metadata.0.self_link": "",
                            "spec.0.template.0.metadata.0.uid": "",
                            "spec.0.template.0.spec.#": "1",
                            "spec.0.template.0.spec.0.active_deadline_seconds": "0",
                            "spec.0.template.0.spec.0.container.#": "1",
                            "spec.0.template.0.spec.0.container.0.args.#": "0",
                            "spec.0.template.0.spec.0.container.0.command.#": "0",
                            "spec.0.template.0.spec.0.container.0.env.#": "1",
                            "spec.0.template.0.spec.0.container.0.env.0.name": "REDIS_PASSWORD",
                            "spec.0.template.0.spec.0.container.0.env.0.value": "password3",
                            "spec.0.template.0.spec.0.container.0.env.0.value_from.#": "0",
                            "spec.0.template.0.spec.0.container.0.env_from.#": "0",
                            "spec.0.template.0.spec.0.container.0.image": "bitnami/redis:latest",
                            "spec.0.template.0.spec.0.container.0.image_pull_policy": "Always",
                            "spec.0.template.0.spec.0.container.0.lifecycle.#": "0",
                            "spec.0.template.0.spec.0.container.0.liveness_probe.#": "0",
                            "spec.0.template.0.spec.0.container.0.name": "master",
                            "spec.0.template.0.spec.0.container.0.port.#": "1",
                            "spec.0.template.0.spec.0.container.0.port.0.container_port": "6379",
                            "spec.0.template.0.spec.0.container.0.port.0.host_ip": "",
                            "spec.0.template.0.spec.0.container.0.port.0.host_port": "0",
                            "spec.0.template.0.spec.0.container.0.port.0.name": "",
                            "spec.0.template.0.spec.0.container.0.port.0.protocol": "TCP",
                            "spec.0.template.0.spec.0.container.0.readiness_probe.#": "0",
                            "spec.0.template.0.spec.0.container.0.resources.#": "1",
                            "spec.0.template.0.spec.0.container.0.resources.0.limits.#": "0",
                            "spec.0.template.0.spec.0.container.0.resources.0.requests.#": "1",
                            "spec.0.template.0.spec.0.container.0.resources.0.requests.0.cpu": "100m",
                            "spec.0.template.0.spec.0.container.0.resources.0.requests.0.memory": "100Mi",
                            "spec.0.template.0.spec.0.container.0.security_context.#": "0",
                            "spec.0.template.0.spec.0.container.0.stdin": "false",
                            "spec.0.template.0.spec.0.container.0.stdin_once": "false",
                            "spec.0.template.0.spec.0.container.0.termination_message_path": "/dev/termination-log",
                            "spec.0.template.0.spec.0.container.0.tty": "false",
                            "spec.0.template.0.spec.0.container.0.volume_mount.#": "0",
                            "spec.0.template.0.spec.0.container.0.working_dir": "",
                            "spec.0.template.0.spec.0.dns_config.#": "0",
                            "spec.0.template.0.spec.0.dns_policy": "ClusterFirst",
                            "spec.0.template.0.spec.0.host_aliases.#": "0",
                            "spec.0.template.0.spec.0.host_ipc": "false",
                            "spec.0.template.0.spec.0.host_network": "false",
                            "spec.0.template.0.spec.0.host_pid": "false",
                            "spec.0.template.0.spec.0.hostname": "",
                            "spec.0.template.0.spec.0.image_pull_secrets.#": "0",
                            "spec.0.template.0.spec.0.init_container.#": "0",
                            "spec.0.template.0.spec.0.node_name": "",
                            "spec.0.template.0.spec.0.node_selector.%": "0",
                            "spec.0.template.0.spec.0.restart_policy": "Always",
                            "spec.0.template.0.spec.0.security_context.#": "0",
                            "spec.0.template.0.spec.0.service_account_name": "",
                            "spec.0.template.0.spec.0.subdomain": "",
                            "spec.0.template.0.spec.0.termination_grace_period_seconds": "30",
                            "spec.0.template.0.spec.0.volume.#": "0"
                        },
                        "meta": {
                            "e2bfb730-ecaa-11e6-8f88-34363bc7c4c0": {
                                "create": 600000000000,
                                "delete": 600000000000,
                                "update": 600000000000
                            }
                        },
                        "tainted": false
                    },
                    "deposed": [],
                    "provider": "module.redis.provider.kubernetes"
                },
                "kubernetes_namespace.redis_space": {
                    "type": "kubernetes_namespace",
                    "depends_on": [],
                    "primary": {
                        "id": "rspace",
                        "attributes": {
                            "id": "rspace",
                            "metadata.#": "1",
                            "metadata.0.annotations.%": "0",
                            "metadata.0.generate_name": "",
                            "metadata.0.generation": "0",
                            "metadata.0.labels.%": "0",
                            "metadata.0.name": "rspace",
                            "metadata.0.resource_version": "1172",
                            "metadata.0.self_link": "/api/v1/namespaces/rspace",
                            "metadata.0.uid": "dab48e82-7cbc-11e9-ad1a-42010a8000bd"
                        },
                        "meta": {},
                        "tainted": false
                    },
                    "deposed": [],
                    "provider": "module.redis.provider.kubernetes"
                },
                "kubernetes_service.redis-master": {
                    "type": "kubernetes_service",
                    "depends_on": [
                        "kubernetes_namespace.redis_space"
                    ],
                    "primary": {
                        "id": "rspace/redis-master",
                        "attributes": {
                            "id": "rspace/redis-master",
                            "load_balancer_ingress.#": "1",
                            "load_balancer_ingress.0.hostname": "",
                            "load_balancer_ingress.0.ip": "10.128.0.12",
                            "metadata.#": "1",
                            "metadata.0.annotations.%": "1",
                            "metadata.0.annotations.cloud.google.com/load-balancer-type": "Internal",
                            "metadata.0.generate_name": "",
                            "metadata.0.generation": "0",
                            "metadata.0.labels.%": "3",
                            "metadata.0.labels.app": "redis",
                            "metadata.0.labels.role": "master",
                            "metadata.0.labels.tier": "backend",
                            "metadata.0.name": "redis-master",
                            "metadata.0.namespace": "rspace",
                            "metadata.0.resource_version": "12580",
                            "metadata.0.self_link": "/api/v1/namespaces/rspace/services/redis-master",
                            "metadata.0.uid": "11021854-7cc3-11e9-ad1a-42010a8000bd",
                            "spec.#": "1",
                            "spec.0.cluster_ip": "10.23.245.201",
                            "spec.0.external_ips.#": "0",
                            "spec.0.external_name": "",
                            "spec.0.load_balancer_ip": "10.128.0.12",
                            "spec.0.load_balancer_source_ranges.#": "0",
                            "spec.0.port.#": "1",
                            "spec.0.port.0.name": "",
                            "spec.0.port.0.node_port": "30275",
                            "spec.0.port.0.port": "13666",
                            "spec.0.port.0.protocol": "TCP",
                            "spec.0.port.0.target_port": "6379",
                            "spec.0.publish_not_ready_addresses": "false",
                            "spec.0.selector.%": "3",
                            "spec.0.selector.app": "redis",
                            "spec.0.selector.role": "master",
                            "spec.0.selector.tier": "backend",
                            "spec.0.session_affinity": "None",
                            "spec.0.type": "LoadBalancer"
                        },
                        "meta": {},
                        "tainted": false
                    },
                    "deposed": [],
                    "provider": "module.redis.provider.kubernetes"
                }
            },
            "depends_on": []
        },
        {
            "path": [
                "root",
                "tf"
            ],
            "outputs": {},
            "resources": {
                "kubernetes_deployment.tf": {
                    "type": "kubernetes_deployment",
                    "depends_on": [],
                    "primary": {
                        "id": "default/tf",
                        "attributes": {
                            "id": "default/tf",
                            "metadata.#": "1",
                            "metadata.0.annotations.%": "0",
                            "metadata.0.generate_name": "",
                            "metadata.0.generation": "1",
                            "metadata.0.labels.%": "3",
                            "metadata.0.labels.app": "tf",
                            "metadata.0.labels.role": "master",
                            "metadata.0.labels.tier": "backend",
                            "metadata.0.name": "tf",
                            "metadata.0.namespace": "default",
                            "metadata.0.resource_version": "1600",
                            "metadata.0.self_link": "/apis/apps/v1/namespaces/default/deployments/tf",
                            "metadata.0.uid": "dace85f0-7cbc-11e9-ad1a-42010a8000bd",
                            "spec.#": "1",
                            "spec.0.min_ready_seconds": "0",
                            "spec.0.paused": "false",
                            "spec.0.progress_deadline_seconds": "600",
                            "spec.0.replicas": "1",
                            "spec.0.revision_history_limit": "10",
                            "spec.0.selector.#": "1",
                            "spec.0.selector.0.match_expressions.#": "0",
                            "spec.0.selector.0.match_labels.%": "3",
                            "spec.0.selector.0.match_labels.app": "tf",
                            "spec.0.selector.0.match_labels.role": "master",
                            "spec.0.selector.0.match_labels.tier": "backend",
                            "spec.0.strategy.#": "1",
                            "spec.0.strategy.0.rolling_update.#": "1",
                            "spec.0.strategy.0.rolling_update.0.max_surge": "25%",
                            "spec.0.strategy.0.rolling_update.0.max_unavailable": "25%",
                            "spec.0.strategy.0.type": "RollingUpdate",
                            "spec.0.template.#": "1",
                            "spec.0.template.0.metadata.#": "1",
                            "spec.0.template.0.metadata.0.annotations.%": "0",
                            "spec.0.template.0.metadata.0.generate_name": "",
                            "spec.0.template.0.metadata.0.generation": "0",
                            "spec.0.template.0.metadata.0.labels.%": "3",
                            "spec.0.template.0.metadata.0.labels.app": "tf",
                            "spec.0.template.0.metadata.0.labels.role": "master",
                            "spec.0.template.0.metadata.0.labels.tier": "backend",
                            "spec.0.template.0.metadata.0.name": "",
                            "spec.0.template.0.metadata.0.namespace": "default",
                            "spec.0.template.0.metadata.0.resource_version": "",
                            "spec.0.template.0.metadata.0.self_link": "",
                            "spec.0.template.0.metadata.0.uid": "",
                            "spec.0.template.0.spec.#": "1",
                            "spec.0.template.0.spec.0.active_deadline_seconds": "0",
                            "spec.0.template.0.spec.0.container.#": "1",
                            "spec.0.template.0.spec.0.container.0.args.#": "0",
                            "spec.0.template.0.spec.0.container.0.command.#": "0",
                            "spec.0.template.0.spec.0.container.0.env.#": "0",
                            "spec.0.template.0.spec.0.container.0.env_from.#": "0",
                            "spec.0.template.0.spec.0.container.0.image": "yuriy6735/flask",
                            "spec.0.template.0.spec.0.container.0.image_pull_policy": "Always",
                            "spec.0.template.0.spec.0.container.0.lifecycle.#": "0",
                            "spec.0.template.0.spec.0.container.0.liveness_probe.#": "0",
                            "spec.0.template.0.spec.0.container.0.name": "master",
                            "spec.0.template.0.spec.0.container.0.port.#": "1",
                            "spec.0.template.0.spec.0.container.0.port.0.container_port": "80",
                            "spec.0.template.0.spec.0.container.0.port.0.host_ip": "",
                            "spec.0.template.0.spec.0.container.0.port.0.host_port": "0",
                            "spec.0.template.0.spec.0.container.0.port.0.name": "",
                            "spec.0.template.0.spec.0.container.0.port.0.protocol": "TCP",
                            "spec.0.template.0.spec.0.container.0.readiness_probe.#": "0",
                            "spec.0.template.0.spec.0.container.0.resources.#": "1",
                            "spec.0.template.0.spec.0.container.0.resources.0.limits.#": "0",
                            "spec.0.template.0.spec.0.container.0.resources.0.requests.#": "1",
                            "spec.0.template.0.spec.0.container.0.resources.0.requests.0.cpu": "100m",
                            "spec.0.template.0.spec.0.container.0.resources.0.requests.0.memory": "512Mi",
                            "spec.0.template.0.spec.0.container.0.security_context.#": "0",
                            "spec.0.template.0.spec.0.container.0.stdin": "false",
                            "spec.0.template.0.spec.0.container.0.stdin_once": "false",
                            "spec.0.template.0.spec.0.container.0.termination_message_path": "/dev/termination-log",
                            "spec.0.template.0.spec.0.container.0.tty": "false",
                            "spec.0.template.0.spec.0.container.0.volume_mount.#": "0",
                            "spec.0.template.0.spec.0.container.0.working_dir": "",
                            "spec.0.template.0.spec.0.dns_config.#": "0",
                            "spec.0.template.0.spec.0.dns_policy": "ClusterFirst",
                            "spec.0.template.0.spec.0.host_aliases.#": "0",
                            "spec.0.template.0.spec.0.host_ipc": "false",
                            "spec.0.template.0.spec.0.host_network": "false",
                            "spec.0.template.0.spec.0.host_pid": "false",
                            "spec.0.template.0.spec.0.hostname": "",
                            "spec.0.template.0.spec.0.image_pull_secrets.#": "0",
                            "spec.0.template.0.spec.0.init_container.#": "0",
                            "spec.0.template.0.spec.0.node_name": "",
                            "spec.0.template.0.spec.0.node_selector.%": "0",
                            "spec.0.template.0.spec.0.restart_policy": "Always",
                            "spec.0.template.0.spec.0.security_context.#": "0",
                            "spec.0.template.0.spec.0.service_account_name": "",
                            "spec.0.template.0.spec.0.subdomain": "",
                            "spec.0.template.0.spec.0.termination_grace_period_seconds": "30",
                            "spec.0.template.0.spec.0.volume.#": "0"
                        },
                        "meta": {
                            "e2bfb730-ecaa-11e6-8f88-34363bc7c4c0": {
                                "create": 600000000000,
                                "delete": 600000000000,
                                "update": 600000000000
                            }
                        },
                        "tainted": false
                    },
                    "deposed": [],
                    "provider": "module.tf.provider.kubernetes"
                },
                "kubernetes_service.tf": {
                    "type": "kubernetes_service",
                    "depends_on": [],
                    "primary": {
                        "id": "default/tf",
                        "attributes": {
                            "id": "default/tf",
                            "load_balancer_ingress.#": "0",
                            "metadata.#": "1",
                            "metadata.0.annotations.%": "0",
                            "metadata.0.generate_name": "",
                            "metadata.0.generation": "0",
                            "metadata.0.labels.%": "3",
                            "metadata.0.labels.app": "tf",
                            "metadata.0.labels.role": "master",
                            "metadata.0.labels.tier": "backend",
                            "metadata.0.name": "tf",
                            "metadata.0.namespace": "default",
                            "metadata.0.resource_version": "1189",
                            "metadata.0.self_link": "/api/v1/namespaces/default/services/tf",
                            "metadata.0.uid": "dac01c32-7cbc-11e9-ad1a-42010a8000bd",
                            "spec.#": "1",
                            "spec.0.cluster_ip": "10.23.246.234",
                            "spec.0.external_ips.#": "0",
                            "spec.0.external_name": "",
                            "spec.0.load_balancer_ip": "",
                            "spec.0.load_balancer_source_ranges.#": "0",
                            "spec.0.port.#": "1",
                            "spec.0.port.0.name": "",
                            "spec.0.port.0.node_port": "0",
                            "spec.0.port.0.port": "9000",
                            "spec.0.port.0.protocol": "TCP",
                            "spec.0.port.0.target_port": "80",
                            "spec.0.publish_not_ready_addresses": "false",
                            "spec.0.selector.%": "3",
                            "spec.0.selector.app": "tf",
                            "spec.0.selector.role": "master",
                            "spec.0.selector.tier": "backend",
                            "spec.0.session_affinity": "None",
                            "spec.0.type": "ClusterIP"
                        },
                        "meta": {},
                        "tainted": false
                    },
                    "deposed": [],
                    "provider": "module.tf.provider.kubernetes"
                }
            },
            "depends_on": []
        },
        {
            "path": [
                "root",
                "traefik"
            ],
            "outputs": {
                "sa": {
                    "sensitive": false,
                    "type": "string",
                    "value": "traefik-controller-admin"
                }
            },
            "resources": {
                "kubernetes_config_map.traefik_configmap": {
                    "type": "kubernetes_config_map",
                    "depends_on": [
                        "kubernetes_namespace.traefik"
                    ],
                    "primary": {
                        "id": "traefik/traefik-configmap",
                        "attributes": {
                            "data.%": "1",
                            "data.traefik.toml": "    [Global]\n      sendAnonymousUsage = true\n      debug = true\n      logLevel = \"DEBUG\"\n\n    [entrypoints]\n      [entrypoints.web]\n          address = \":80\"\n      [entryPoints.web-secure]\n          address = \":443\"\n      [entrypoints.tf-port]\n          address = \":9000\"\n      \n\n    [providers]\n      [providers.file]\n\n\n    [tcp] # YAY!\n      [tcp.routers]\n          [tcp.routers.everything-to-tensor]\n            entrypoints = [\"tf-port\"]\n            rule = \"HostSNI(`*`)\"\n            service = \"tf\"\n\n      [tcp.services]\n        [tcp.services.tf.LoadBalancer]\n          [[tcp.services.tf.LoadBalancer.servers]]\n            address = \"tf.default.svc:9000\"\n\n    [http] # yakscho ne ide - pribrati\n      [http.routers]\n        [http.routers.for-jupyterx-https]\n          entryPoints = [\"web-secure\"] # won't listen to entrypoint mongo-port\n          # rule = \"Host(`clients-ui.ddns.net`)\"\n          # rule = \"Path(`/jupyterx`)\" # abo /jupyterx/*\n          rule = \"PathPrefix(`/jupyterx`)\"\n          service = \"jupyterx\"\n          [http.routers.for-jupyterx-https.tls]\n\n        [http.routers.for-jupyterx-http]\n          entryPoints = [\"web\"] # won't listen to entrypoint mongo-port\n          rule = \"PathPrefix(`/jupyterx`)\"\n          service = \"jupyterx\"\n\n        [http.routers.for-grafana-https]\n          entryPoints = [\"web-secure\"] # won't listen to entrypoint mongo-port\n          rule = \"PathPrefix(`/grafana`)\"\n          Middlewares = [\"cut-subpath\"]\n          service = \"grafana\"\n          [http.routers.for-grafana-https.tls]\n\n        [http.routers.for-grafana-http]\n          entryPoints = [\"web\"] # won't listen to entrypoint mongo-port\n          rule = \"PathPrefix(`/grafana`)\"\n          Middlewares = [\"cut-subpath\"]\n          service = \"grafana\"\n\n      [http.middlewares]\n       [http.middlewares.cut-subpath.StripPrefix]\n          prefixes = [\"/grafana\"]\n\n      [http.services]\n        [http.services.jupyterx.LoadBalancer]\n        PassHostHeader = true\n        [[http.services.jupyterx.LoadBalancer.servers]]\n        url = \"http://jupyter-service.default.svc/\"\n        weight = 100\n        \n        [http.services.grafana.LoadBalancer]\n        PassHostHeader = true\n        [[http.services.grafana.LoadBalancer.servers]]\n        url = \"http://monitoring-grafana.monitoring.svc/\"\n        weight = 100\n\n    [tlsStores]\n     [tlsStores.default]\n       [tlsStores.default.defaultCertificate]\n         certFile = \"/ssl/tls.crt\"\n         keyFile  = \"/ssl/tls.key\"",
                            "id": "traefik/traefik-configmap",
                            "metadata.#": "1",
                            "metadata.0.annotations.%": "0",
                            "metadata.0.generate_name": "",
                            "metadata.0.generation": "0",
                            "metadata.0.labels.%": "0",
                            "metadata.0.name": "traefik-configmap",
                            "metadata.0.namespace": "traefik",
                            "metadata.0.resource_version": "1227",
                            "metadata.0.self_link": "/api/v1/namespaces/traefik/configmaps/traefik-configmap",
                            "metadata.0.uid": "dafb776e-7cbc-11e9-ad1a-42010a8000bd"
                        },
                        "meta": {},
                        "tainted": false
                    },
                    "deposed": [],
                    "provider": "module.traefik.provider.kubernetes"
                },
                "kubernetes_daemonset.traefik_controller": {
                    "type": "kubernetes_daemonset",
                    "depends_on": [
                        "kubernetes_config_map.traefik_configmap",
                        "kubernetes_namespace.traefik",
                        "kubernetes_service_account.traefik_controller_admin"
                    ],
                    "primary": {
                        "id": "traefik/traefik-controller",
                        "attributes": {
                            "id": "traefik/traefik-controller",
                            "metadata.#": "1",
                            "metadata.0.annotations.%": "0",
                            "metadata.0.generate_name": "",
                            "metadata.0.generation": "1",
                            "metadata.0.labels.%": "1",
                            "metadata.0.labels.k8s-app": "traefik-ingress-lb",
                            "metadata.0.name": "traefik-controller",
                            "metadata.0.namespace": "traefik",
                            "metadata.0.resource_version": "2486",
                            "metadata.0.self_link": "/apis/apps/v1/namespaces/traefik/daemonsets/traefik-controller",
                            "metadata.0.uid": "db5e4da8-7cbc-11e9-ad1a-42010a8000bd",
                            "spec.#": "1",
                            "spec.0.min_ready_seconds": "0",
                            "spec.0.revision_history_limit": "10",
                            "spec.0.selector.#": "1",
                            "spec.0.selector.0.match_expressions.#": "0",
                            "spec.0.selector.0.match_labels.%": "2",
                            "spec.0.selector.0.match_labels.k8s-app": "traefik-ingress-lb",
                            "spec.0.selector.0.match_labels.name": "traefik-ingress-lb",
                            "spec.0.strategy.#": "1",
                            "spec.0.strategy.0.rolling_update.#": "1",
                            "spec.0.strategy.0.rolling_update.0.max_unavailable": "1",
                            "spec.0.strategy.0.type": "RollingUpdate",
                            "spec.0.template.#": "1",
                            "spec.0.template.0.metadata.#": "1",
                            "spec.0.template.0.metadata.0.annotations.%": "0",
                            "spec.0.template.0.metadata.0.generate_name": "",
                            "spec.0.template.0.metadata.0.generation": "0",
                            "spec.0.template.0.metadata.0.labels.%": "2",
                            "spec.0.template.0.metadata.0.labels.k8s-app": "traefik-ingress-lb",
                            "spec.0.template.0.metadata.0.labels.name": "traefik-ingress-lb",
                            "spec.0.template.0.metadata.0.name": "",
                            "spec.0.template.0.metadata.0.resource_version": "",
                            "spec.0.template.0.metadata.0.self_link": "",
                            "spec.0.template.0.metadata.0.uid": "",
                            "spec.0.template.0.spec.#": "1",
                            "spec.0.template.0.spec.0.active_deadline_seconds": "0",
                            "spec.0.template.0.spec.0.container.#": "1",
                            "spec.0.template.0.spec.0.container.0.args.#": "2",
                            "spec.0.template.0.spec.0.container.0.args.0": "--api",
                            "spec.0.template.0.spec.0.container.0.args.1": "--configfile=/config/traefik.toml",
                            "spec.0.template.0.spec.0.container.0.command.#": "0",
                            "spec.0.template.0.spec.0.container.0.env.#": "0",
                            "spec.0.template.0.spec.0.container.0.env_from.#": "0",
                            "spec.0.template.0.spec.0.container.0.image": "traefik:2.0",
                            "spec.0.template.0.spec.0.container.0.image_pull_policy": "IfNotPresent",
                            "spec.0.template.0.spec.0.container.0.lifecycle.#": "0",
                            "spec.0.template.0.spec.0.container.0.liveness_probe.#": "0",
                            "spec.0.template.0.spec.0.container.0.name": "traefik-ingress-lb",
                            "spec.0.template.0.spec.0.container.0.port.#": "4",
                            "spec.0.template.0.spec.0.container.0.port.0.container_port": "80",
                            "spec.0.template.0.spec.0.container.0.port.0.host_ip": "",
                            "spec.0.template.0.spec.0.container.0.port.0.host_port": "80",
                            "spec.0.template.0.spec.0.container.0.port.0.name": "http",
                            "spec.0.template.0.spec.0.container.0.port.0.protocol": "TCP",
                            "spec.0.template.0.spec.0.container.0.port.1.container_port": "443",
                            "spec.0.template.0.spec.0.container.0.port.1.host_ip": "",
                            "spec.0.template.0.spec.0.container.0.port.1.host_port": "443",
                            "spec.0.template.0.spec.0.container.0.port.1.name": "web-secure",
                            "spec.0.template.0.spec.0.container.0.port.1.protocol": "TCP",
                            "spec.0.template.0.spec.0.container.0.port.2.container_port": "8080",
                            "spec.0.template.0.spec.0.container.0.port.2.host_ip": "",
                            "spec.0.template.0.spec.0.container.0.port.2.host_port": "8080",
                            "spec.0.template.0.spec.0.container.0.port.2.name": "dashboard",
                            "spec.0.template.0.spec.0.container.0.port.2.protocol": "TCP",
                            "spec.0.template.0.spec.0.container.0.port.3.container_port": "80",
                            "spec.0.template.0.spec.0.container.0.port.3.host_ip": "",
                            "spec.0.template.0.spec.0.container.0.port.3.host_port": "9000",
                            "spec.0.template.0.spec.0.container.0.port.3.name": "tf",
                            "spec.0.template.0.spec.0.container.0.port.3.protocol": "TCP",
                            "spec.0.template.0.spec.0.container.0.readiness_probe.#": "0",
                            "spec.0.template.0.spec.0.container.0.resources.#": "1",
                            "spec.0.template.0.spec.0.container.0.resources.0.limits.#": "0",
                            "spec.0.template.0.spec.0.container.0.resources.0.requests.#": "1",
                            "spec.0.template.0.spec.0.container.0.resources.0.requests.0.cpu": "100m",
                            "spec.0.template.0.spec.0.container.0.resources.0.requests.0.memory": "100Mi",
                            "spec.0.template.0.spec.0.container.0.security_context.#": "0",
                            "spec.0.template.0.spec.0.container.0.stdin": "false",
                            "spec.0.template.0.spec.0.container.0.stdin_once": "false",
                            "spec.0.template.0.spec.0.container.0.termination_message_path": "/dev/termination-log",
                            "spec.0.template.0.spec.0.container.0.tty": "false",
                            "spec.0.template.0.spec.0.container.0.volume_mount.#": "2",
                            "spec.0.template.0.spec.0.container.0.volume_mount.0.mount_path": "/config",
                            "spec.0.template.0.spec.0.container.0.volume_mount.0.name": "traefik-configmap",
                            "spec.0.template.0.spec.0.container.0.volume_mount.0.read_only": "false",
                            "spec.0.template.0.spec.0.container.0.volume_mount.0.sub_path": "",
                            "spec.0.template.0.spec.0.container.0.volume_mount.1.mount_path": "/ssl",
                            "spec.0.template.0.spec.0.container.0.volume_mount.1.name": "traefik-tls-cert",
                            "spec.0.template.0.spec.0.container.0.volume_mount.1.read_only": "false",
                            "spec.0.template.0.spec.0.container.0.volume_mount.1.sub_path": "",
                            "spec.0.template.0.spec.0.container.0.working_dir": "",
                            "spec.0.template.0.spec.0.dns_config.#": "0",
                            "spec.0.template.0.spec.0.dns_policy": "ClusterFirst",
                            "spec.0.template.0.spec.0.host_aliases.#": "0",
                            "spec.0.template.0.spec.0.host_ipc": "false",
                            "spec.0.template.0.spec.0.host_network": "false",
                            "spec.0.template.0.spec.0.host_pid": "false",
                            "spec.0.template.0.spec.0.hostname": "",
                            "spec.0.template.0.spec.0.image_pull_secrets.#": "0",
                            "spec.0.template.0.spec.0.init_container.#": "0",
                            "spec.0.template.0.spec.0.node_name": "",
                            "spec.0.template.0.spec.0.node_selector.%": "0",
                            "spec.0.template.0.spec.0.restart_policy": "Always",
                            "spec.0.template.0.spec.0.security_context.#": "0",
                            "spec.0.template.0.spec.0.service_account_name": "traefik-controller-admin",
                            "spec.0.template.0.spec.0.subdomain": "",
                            "spec.0.template.0.spec.0.termination_grace_period_seconds": "60",
                            "spec.0.template.0.spec.0.volume.#": "2",
                            "spec.0.template.0.spec.0.volume.0.aws_elastic_block_store.#": "0",
                            "spec.0.template.0.spec.0.volume.0.azure_disk.#": "0",
                            "spec.0.template.0.spec.0.volume.0.azure_file.#": "0",
                            "spec.0.template.0.spec.0.volume.0.ceph_fs.#": "0",
                            "spec.0.template.0.spec.0.volume.0.cinder.#": "0",
                            "spec.0.template.0.spec.0.volume.0.config_map.#": "1",
                            "spec.0.template.0.spec.0.volume.0.config_map.0.default_mode": "0644",
                            "spec.0.template.0.spec.0.volume.0.config_map.0.items.#": "0",
                            "spec.0.template.0.spec.0.volume.0.config_map.0.name": "traefik-configmap",
                            "spec.0.template.0.spec.0.volume.0.downward_api.#": "0",
                            "spec.0.template.0.spec.0.volume.0.empty_dir.#": "0",
                            "spec.0.template.0.spec.0.volume.0.fc.#": "0",
                            "spec.0.template.0.spec.0.volume.0.flex_volume.#": "0",
                            "spec.0.template.0.spec.0.volume.0.flocker.#": "0",
                            "spec.0.template.0.spec.0.volume.0.gce_persistent_disk.#": "0",
                            "spec.0.template.0.spec.0.volume.0.git_repo.#": "0",
                            "spec.0.template.0.spec.0.volume.0.glusterfs.#": "0",
                            "spec.0.template.0.spec.0.volume.0.host_path.#": "0",
                            "spec.0.template.0.spec.0.volume.0.iscsi.#": "0",
                            "spec.0.template.0.spec.0.volume.0.local.#": "0",
                            "spec.0.template.0.spec.0.volume.0.name": "traefik-configmap",
                            "spec.0.template.0.spec.0.volume.0.nfs.#": "0",
                            "spec.0.template.0.spec.0.volume.0.persistent_volume_claim.#": "0",
                            "spec.0.template.0.spec.0.volume.0.photon_persistent_disk.#": "0",
                            "spec.0.template.0.spec.0.volume.0.quobyte.#": "0",
                            "spec.0.template.0.spec.0.volume.0.rbd.#": "0",
                            "spec.0.template.0.spec.0.volume.0.secret.#": "0",
                            "spec.0.template.0.spec.0.volume.0.vsphere_volume.#": "0",
                            "spec.0.template.0.spec.0.volume.1.aws_elastic_block_store.#": "0",
                            "spec.0.template.0.spec.0.volume.1.azure_disk.#": "0",
                            "spec.0.template.0.spec.0.volume.1.azure_file.#": "0",
                            "spec.0.template.0.spec.0.volume.1.ceph_fs.#": "0",
                            "spec.0.template.0.spec.0.volume.1.cinder.#": "0",
                            "spec.0.template.0.spec.0.volume.1.config_map.#": "0",
                            "spec.0.template.0.spec.0.volume.1.downward_api.#": "0",
                            "spec.0.template.0.spec.0.volume.1.empty_dir.#": "0",
                            "spec.0.template.0.spec.0.volume.1.fc.#": "0",
                            "spec.0.template.0.spec.0.volume.1.flex_volume.#": "0",
                            "spec.0.template.0.spec.0.volume.1.flocker.#": "0",
                            "spec.0.template.0.spec.0.volume.1.gce_persistent_disk.#": "0",
                            "spec.0.template.0.spec.0.volume.1.git_repo.#": "0",
                            "spec.0.template.0.spec.0.volume.1.glusterfs.#": "0",
                            "spec.0.template.0.spec.0.volume.1.host_path.#": "0",
                            "spec.0.template.0.spec.0.volume.1.iscsi.#": "0",
                            "spec.0.template.0.spec.0.volume.1.local.#": "0",
                            "spec.0.template.0.spec.0.volume.1.name": "traefik-tls-cert",
                            "spec.0.template.0.spec.0.volume.1.nfs.#": "0",
                            "spec.0.template.0.spec.0.volume.1.persistent_volume_claim.#": "0",
                            "spec.0.template.0.spec.0.volume.1.photon_persistent_disk.#": "0",
                            "spec.0.template.0.spec.0.volume.1.quobyte.#": "0",
                            "spec.0.template.0.spec.0.volume.1.rbd.#": "0",
                            "spec.0.template.0.spec.0.volume.1.secret.#": "1",
                            "spec.0.template.0.spec.0.volume.1.secret.0.default_mode": "0644",
                            "spec.0.template.0.spec.0.volume.1.secret.0.items.#": "0",
                            "spec.0.template.0.spec.0.volume.1.secret.0.optional": "false",
                            "spec.0.template.0.spec.0.volume.1.secret.0.secret_name": "traefik-tls-cert",
                            "spec.0.template.0.spec.0.volume.1.vsphere_volume.#": "0"
                        },
                        "meta": {
                            "e2bfb730-ecaa-11e6-8f88-34363bc7c4c0": {
                                "create": 600000000000,
                                "delete": 600000000000,
                                "update": 600000000000
                            }
                        },
                        "tainted": false
                    },
                    "deposed": [],
                    "provider": "module.traefik.provider.kubernetes"
                },
                "kubernetes_namespace.traefik": {
                    "type": "kubernetes_namespace",
                    "depends_on": [],
                    "primary": {
                        "id": "traefik",
                        "attributes": {
                            "id": "traefik",
                            "metadata.#": "1",
                            "metadata.0.annotations.%": "0",
                            "metadata.0.generate_name": "",
                            "metadata.0.generation": "0",
                            "metadata.0.labels.%": "0",
                            "metadata.0.name": "traefik",
                            "metadata.0.resource_version": "1171",
                            "metadata.0.self_link": "/api/v1/namespaces/traefik",
                            "metadata.0.uid": "dab297ba-7cbc-11e9-ad1a-42010a8000bd"
                        },
                        "meta": {},
                        "tainted": false
                    },
                    "deposed": [],
                    "provider": "module.traefik.provider.kubernetes"
                },
                "kubernetes_role_binding.traefik_cluster_role_binding": {
                    "type": "kubernetes_role_binding",
                    "depends_on": [
                        "kubernetes_namespace.traefik"
                    ],
                    "primary": {
                        "id": "traefik/traefik-cluster-role-binding",
                        "attributes": {
                            "id": "traefik/traefik-cluster-role-binding",
                            "metadata.#": "1",
                            "metadata.0.annotations.%": "0",
                            "metadata.0.generation": "0",
                            "metadata.0.labels.%": "0",
                            "metadata.0.name": "traefik-cluster-role-binding",
                            "metadata.0.namespace": "traefik",
                            "metadata.0.resource_version": "1226",
                            "metadata.0.self_link": "/apis/rbac.authorization.k8s.io/v1/namespaces/traefik/rolebindings/traefik-cluster-role-binding",
                            "metadata.0.uid": "dafa8c07-7cbc-11e9-ad1a-42010a8000bd",
                            "role_ref.#": "1",
                            "role_ref.0.api_group": "rbac.authorization.k8s.io",
                            "role_ref.0.kind": "ClusterRole",
                            "role_ref.0.name": "cluster-admin",
                            "subject.#": "1",
                            "subject.0.api_group": "",
                            "subject.0.kind": "ServiceAccount",
                            "subject.0.name": "traefik-controller-admin",
                            "subject.0.namespace": "traefik"
                        },
                        "meta": {},
                        "tainted": false
                    },
                    "deposed": [],
                    "provider": "module.traefik.provider.kubernetes"
                },
                "kubernetes_secret.tls_secrets": {
                    "type": "kubernetes_secret",
                    "depends_on": [
                        "kubernetes_namespace.traefik"
                    ],
                    "primary": {
                        "id": "traefik/traefik-tls-cert",
                        "attributes": {
                            "data.%": "2",
                            "data.tls.crt": "-----BEGIN CERTIFICATE-----\nMIIFDjCCAvagAwIBAgIJAJVGPH0u14YPMA0GCSqGSIb3DQEBCwUAMBwxGjAYBgNV\nBAMMEWp1cHl0ZXJ4LmRkbnMubmV0MB4XDTE5MDUwMzE1NTcyOFoXDTI5MDQzMDE1\nNTcyOFowHDEaMBgGA1UEAwwRanVweXRlcnguZGRucy5uZXQwggIiMA0GCSqGSIb3\nDQEBAQUAA4ICDwAwggIKAoICAQC/ZraZf+pcvKKyfhLAGKuurHtUcHcdW7v00zjc\n+LuzyIQnnnShBJ4xwWB0tBn1V6PGHD0ScpwL+tG9NDYw+d6yj7XvjTC9wQM8T4gM\nQ+Jzs+hX2AYaNuGsfT0lP33F/2KfDZbYxOi8cAilh8uTrLmGO3fOn6FYE7IhQ+0n\nyqujJho60bBY2NuEEl7pa62Ubx2tDTwbwJBKHlSbZFRVVpG8G0AWgG0hESohNCD+\nDFS1WxYOxFXpZugFvCnqaq+YLM86GShvMI7IVzfE68dGo6GC6IiemBlJpb2OOrq6\nN6tu/jCJ33PI97mGIosfr6AFtyFBeFTAS1X/brFauZac+06IqVEMXCCQDvXpoYHf\nSZGz1x6xMaE6sSvh+TCJ4qf3662WyDD+hWbBeVrE6kXDZ6pVORD5sFbz3rYtkasf\nkL6z6vIynhcymkeNRisjidE38In7jXW35TEsMOcAnLcnAjIFD8eDUrN5TG/VrxJH\nZ9AWKKeXoEVbvH+J/W0g0hEUc+z0iehbjIDO5c7ST52vKu2FFBXTDM1TecGosX7O\nZ3t+ZSU1VEnhDelFJUerdwB4kshMa8h94ciyN9PAcO8UZSew5lqmvItig+WrkCjV\nm6zlMd2ppXjh7cK15ImBAx5su8ubPGxeTlQgHxItdpnp1OyuPDDedaDfosTpHxV/\nT0zWmQIDAQABo1MwUTAdBgNVHQ4EFgQUng3Y33zKqQJH/F/gpcq3DqPEA1kwHwYD\nVR0jBBgwFoAUng3Y33zKqQJH/F/gpcq3DqPEA1kwDwYDVR0TAQH/BAUwAwEB/zAN\nBgkqhkiG9w0BAQsFAAOCAgEAWF2U4b4TNuo0yRE/KrcWdy+8twcDWd0tgokM18aD\ntFmZUj9nIZTInMm9wrQ3SUL/bY0cUELqD9Sxz/704qFUXL6Hi5CIMnNeePt6gb/S\nj2c5FEXoO0SvWOCJ1diX56c43GwiZoIJPio/Q72ocSKjzmze/E0SQc3O9tiPcbpg\nXvej39jPObAZ8V9HKySXV/tJYkbnc31LnQXnBwp6sZFICbLPtimS1CVBm+nTcdbS\nz7XY5CPUk0UTJwlc1dD5hEYhN8uj3ObGAHOfh6JVywyLHldtSjC/H5y56xuNCham\nNWMGNrGhNp1ZEI4n+Tc8m/Gzl8jwqNd7eqsunHAFH2YmrRex8ZFRromwh9FZy6qh\nIkOkwho5lSYSs4G5YhQ7fyUhW6LMFFYPYu0AyL+NwlWy2wJDaaivYrDLUr7SIBcp\naJWpCj32uvVTamp1zW2b4RQe4SnvfhK8pqkL+2nc7T3E+3BdF5gNKwkosSUAqKI9\nyoBxiiSE7H10U6MKJcHk+oaR1kHejUT7T0FmSPu/EsUqm4E40qDTHiJ6mLKRwIEW\n7M2zbhgQr0dmfEjnx67pjDzUyBXuh1v9EnnD7LV7NNcUmV7rXmxbIq6uocX0Bmti\nN/5kyg+4rOk0gGv8ipCGnF7zt3yu+Yi/o0PShHkB01XSgm7evYd2R+X89t1UeyU1\n8kM=\n-----END CERTIFICATE-----\n",
                            "data.tls.key": "-----BEGIN PRIVATE KEY-----\nMIIJQgIBADANBgkqhkiG9w0BAQEFAASCCSwwggkoAgEAAoICAQC/ZraZf+pcvKKy\nfhLAGKuurHtUcHcdW7v00zjc+LuzyIQnnnShBJ4xwWB0tBn1V6PGHD0ScpwL+tG9\nNDYw+d6yj7XvjTC9wQM8T4gMQ+Jzs+hX2AYaNuGsfT0lP33F/2KfDZbYxOi8cAil\nh8uTrLmGO3fOn6FYE7IhQ+0nyqujJho60bBY2NuEEl7pa62Ubx2tDTwbwJBKHlSb\nZFRVVpG8G0AWgG0hESohNCD+DFS1WxYOxFXpZugFvCnqaq+YLM86GShvMI7IVzfE\n68dGo6GC6IiemBlJpb2OOrq6N6tu/jCJ33PI97mGIosfr6AFtyFBeFTAS1X/brFa\nuZac+06IqVEMXCCQDvXpoYHfSZGz1x6xMaE6sSvh+TCJ4qf3662WyDD+hWbBeVrE\n6kXDZ6pVORD5sFbz3rYtkasfkL6z6vIynhcymkeNRisjidE38In7jXW35TEsMOcA\nnLcnAjIFD8eDUrN5TG/VrxJHZ9AWKKeXoEVbvH+J/W0g0hEUc+z0iehbjIDO5c7S\nT52vKu2FFBXTDM1TecGosX7OZ3t+ZSU1VEnhDelFJUerdwB4kshMa8h94ciyN9PA\ncO8UZSew5lqmvItig+WrkCjVm6zlMd2ppXjh7cK15ImBAx5su8ubPGxeTlQgHxIt\ndpnp1OyuPDDedaDfosTpHxV/T0zWmQIDAQABAoICADYvJLhVzwoL2N9A85vwIAIm\nEA/6eq4T/ySy+yELRVADDu6MXCYNQZ+CSAUhy0t6UQHPkrZ7PZPioKe4dTLuOc5B\nAtdbGBZP4tObDD+0pBHvN3JO1INtT/vdxIab78Yyoz+1wCODswNNkBUUWVxoBGls\nwmD7LdjaUo46RZQDOw3HxpsqK4srcRF1her8sboYrsUDvyV4ISDqbzdCcuFpzX38\nFOuJ1dsLmeqmcESbRwvESn1JtayKllqxRwh2xVkGLnAbGShJDdLHZiFYQiTMQ/fk\nTnDfTCFeS0hNdfkrs1uLmEAfww58msfPVaVVua6EhmSbZRq++QyD0K+HZIzyU+u8\nYBhIb4v07bQkjGz7CS3q7dLkHKMq5Q+VKb7yXIjUzlQc8ZB6bEOQKgrBPZUo1iqI\nzY+nTLW6IUPSrSJVlkMkmVJtAtPrYQUhUR4VQSlL1SQYuKRtUigB7uUXWMxFpZGM\ntX2lgB7XCM64BEGuMT8LiyUt3cS8TYROGP/fP6R3vKqD90S1pAwPPcK57t523mdt\n504JFIy1wFyx/nZTKtm8fcG6seCGq7VhL/SJbLXnlDVQdvNh0X8VwwaIi3pOVqPh\nj0kPnj0Mv3pontnLLb+ee/97XqAPM3kQ1MckNPdk2uxwDG1VHMjfcrKKfJChSSzm\ntxa062AQgHm/6Qlp5eCBAoIBAQDz2jTQiuAuGnRh0nXyeu6lm1nJgzvTMLM7GI5r\n2BH5GljcVbdS3KindcP+bi+mVJVwp33wPRDc7pEyeJmf41TZBjWCU3R4knHZYTBr\nSNQZBKR7Onj0gjAP99WMGGXcVBQK3koQ94KV02WTGmUxy6vxVnHI4MUKkhlrSmzh\n+Ru1N1/5y3dZTX4vrXqKjA7wpuniRRtQmWI9vMhzZEHkoU+U/UuERrasxfLp4ZVA\nATHFDJNfdWHs4YO1kpF//Fidhwb12m2xLfxrvNBOYXmYVT08guG0wVwTyubMVKUW\nH3z3SUl/mMXV3rdvjwBRaWKP4oDuykKmyPOFU6HHUW5H9m6JAoIBAQDI75wGnN7a\n4ySGcumTRmOOGm91Qnl1LgzkaDRBp4WPyna9Lmu/0ukrHq6ABHip0XIj5LzFGtot\noYAkLr4I6bYnLbk3WAxBPMdjfEJ7ZFrjCVJoxywlut/eVMdT0cWnYUx07NV7OKBx\ntQsw2/lNnQVadWnhc95uc0ZhhRlaHNw0b0K68h8Cd9sJFpEbIm0/G2ZNKs7F5SEY\nvFwT1lptq2FdilVn0B9f6ByrHno0t4/uQRzQfdS0k7eQV1bhIpoWPL9L5ggvmFYB\nd8fXY+VAKGnZWW3jMWzLzbhu/Hc9XpeLL78FRP+ll13kYTD3AVKhlnKuhvlAAJKG\nOCn9DwrD36ORAoIBAA9uKFdl4keojuK9wY7lboJ2MRlKP5fehgjgRerXElQT8bmH\nhwEsS1PFZPCNomBBC+/D+XkhNBb21aM+9GGkrfLJrMshYsZaZe/ecYToZ9tpassN\naSf3sPjhstaZmKB3hYkmhcNLFi1K4iuLyQl8nNW5pZuTdYR0uD0MyZUHAVTXOzCA\nSn4RJEH6FT39HNjnhvc1bkQMYKYNcxWyK2U/O9zupj+phdeq8vMPvjT9nlucrxqk\nP90QbBgqPSC/JBBbwfn+p2BFy6o5mWjMTDhydFyG36djcOMjvLUDSir7NRokvgzf\n6uzcmfjqMJf2NjFqoMP7cnpBTv+JyjvlkDfnhRkCggEAQTRYKmEvhFJfYO3bVDps\nRgnYD3Ix3c/CyT/zbTbChcXKwFtXBdmYZrC/KbXJvjnEU1d/1mp/UH1vCs7MRjIp\nNQ+GYipFV8o0XdlN7aLER5aX0n6HmfrJeOmEAXQ6MrXFTNAp+qGGlz+L0SAhB4mj\n2hXt9QZXsPnhZfX+Ixrobm+IdQfq/i8MuidDkU2bq/XlPbddgCR5mABP1PQjRiFu\nKB+i1VxZQhMdcn4iZAcJQuSISDP9GVgyIjnlbIuA+yRdY3DTSTai+jj3dbLqCubS\naoC1wxsf1gb9Ca8NtrGCdd1ZnIkmeILlKh5L+GvKd7tNncsZCSbmZX3GSmNeN+/T\nsQKCAQEAtNm6a39+41TuQHVAjCCXJHBJhVER7idwKvroOFMEZfSm0lOOl3furVk1\n2od80yEk0uPvw5OBHmJhh/4otF954wThgHZXh04D6ei4DPjeHqJxAA3idJcZkYA7\nwsqDFxmtaCO3MjjTVr0uehM+TepUhT0OOuB5DOgjCyZylZ4rfM5st319SzGxk080\ncoH80dWpT1yIIsBVBYHAGbkUVylAtcdsaf3qzi9d6q2g7scyTSGQ673Wcz9s1M1R\ndO/n9npdb+3z0FoIyBi5ziyuQb13PiIaXxzPinoy+rap43gla4JaVDEwH/8rH17x\n5YjsaS6ae+4K+EyM93OUt8jJKscYvg==\n-----END PRIVATE KEY-----\n",
                            "id": "traefik/traefik-tls-cert",
                            "metadata.#": "1",
                            "metadata.0.annotations.%": "0",
                            "metadata.0.generate_name": "",
                            "metadata.0.generation": "0",
                            "metadata.0.labels.%": "1",
                            "metadata.0.labels.k8s-app": "traefik-ingress-lb",
                            "metadata.0.name": "traefik-tls-cert",
                            "metadata.0.namespace": "traefik",
                            "metadata.0.resource_version": "1228",
                            "metadata.0.self_link": "/api/v1/namespaces/traefik/secrets/traefik-tls-cert",
                            "metadata.0.uid": "dafbc4a2-7cbc-11e9-ad1a-42010a8000bd",
                            "type": "kubernetes.io/tls"
                        },
                        "meta": {},
                        "tainted": false
                    },
                    "deposed": [],
                    "provider": "module.traefik.provider.kubernetes"
                },
                "kubernetes_service.traefik_service": {
                    "type": "kubernetes_service",
                    "depends_on": [
                        "kubernetes_namespace.traefik"
                    ],
                    "primary": {
                        "id": "traefik/traefik-service",
                        "attributes": {
                            "id": "traefik/traefik-service",
                            "load_balancer_ingress.#": "1",
                            "load_balancer_ingress.0.hostname": "",
                            "load_balancer_ingress.0.ip": "34.66.147.52",
                            "metadata.#": "1",
                            "metadata.0.annotations.%": "0",
                            "metadata.0.generate_name": "",
                            "metadata.0.generation": "0",
                            "metadata.0.labels.%": "0",
                            "metadata.0.name": "traefik-service",
                            "metadata.0.namespace": "traefik",
                            "metadata.0.resource_version": "1528",
                            "metadata.0.self_link": "/api/v1/namespaces/traefik/services/traefik-service",
                            "metadata.0.uid": "db0a90a0-7cbc-11e9-ad1a-42010a8000bd",
                            "spec.#": "1",
                            "spec.0.cluster_ip": "10.23.254.31",
                            "spec.0.external_ips.#": "0",
                            "spec.0.external_name": "",
                            "spec.0.load_balancer_ip": "34.66.147.52",
                            "spec.0.load_balancer_source_ranges.#": "0",
                            "spec.0.port.#": "4",
                            "spec.0.port.0.name": "web",
                            "spec.0.port.0.node_port": "30011",
                            "spec.0.port.0.port": "80",
                            "spec.0.port.0.protocol": "TCP",
                            "spec.0.port.0.target_port": "80",
                            "spec.0.port.1.name": "web-secure",
                            "spec.0.port.1.node_port": "31120",
                            "spec.0.port.1.port": "443",
                            "spec.0.port.1.protocol": "TCP",
                            "spec.0.port.1.target_port": "443",
                            "spec.0.port.2.name": "dashboard",
                            "spec.0.port.2.node_port": "32579",
                            "spec.0.port.2.port": "8080",
                            "spec.0.port.2.protocol": "TCP",
                            "spec.0.port.2.target_port": "8080",
                            "spec.0.port.3.name": "tf",
                            "spec.0.port.3.node_port": "31835",
                            "spec.0.port.3.port": "9000",
                            "spec.0.port.3.protocol": "TCP",
                            "spec.0.port.3.target_port": "9000",
                            "spec.0.publish_not_ready_addresses": "false",
                            "spec.0.selector.%": "1",
                            "spec.0.selector.k8s-app": "traefik-ingress-lb",
                            "spec.0.session_affinity": "None",
                            "spec.0.type": "LoadBalancer"
                        },
                        "meta": {},
                        "tainted": false
                    },
                    "deposed": [],
                    "provider": "module.traefik.provider.kubernetes"
                },
                "kubernetes_service_account.traefik_controller_admin": {
                    "type": "kubernetes_service_account",
                    "depends_on": [
                        "kubernetes_namespace.traefik"
                    ],
                    "primary": {
                        "id": "traefik/traefik-controller-admin",
                        "attributes": {
                            "automount_service_account_token": "false",
                            "default_secret_name": "traefik-controller-admin-token-2jdm8",
                            "id": "traefik/traefik-controller-admin",
                            "image_pull_secret.#": "0",
                            "metadata.#": "1",
                            "metadata.0.annotations.%": "0",
                            "metadata.0.generate_name": "",
                            "metadata.0.generation": "0",
                            "metadata.0.labels.%": "0",
                            "metadata.0.name": "traefik-controller-admin",
                            "metadata.0.namespace": "traefik",
                            "metadata.0.resource_version": "1239",
                            "metadata.0.self_link": "/api/v1/namespaces/traefik/serviceaccounts/traefik-controller-admin",
                            "metadata.0.uid": "daf7572b-7cbc-11e9-ad1a-42010a8000bd",
                            "secret.#": "0"
                        },
                        "meta": {},
                        "tainted": false
                    },
                    "deposed": [],
                    "provider": "module.traefik.provider.kubernetes"
                }
            },
            "depends_on": []
        }
    ]
}
